// !$*UTF8*$!
{
	archiveVersion = 1;
	classes = {
	};
	objectVersion = 50;
	objects = {

/* Begin PBXBuildFile section */
		270D874A2116948700C221C2 /* ProfileEditCollectionReusableView.swift in Sources */ = {isa = PBXBuildFile; fileRef = 270D87492116948700C221C2 /* ProfileEditCollectionReusableView.swift */; };
		270D874D211694BF00C221C2 /* ProfileEditViewController.swift in Sources */ = {isa = PBXBuildFile; fileRef = 270D874C211694BF00C221C2 /* ProfileEditViewController.swift */; };
		270D8751211695F000C221C2 /* ProfileEditCollectionViewModel.swift in Sources */ = {isa = PBXBuildFile; fileRef = 270D8750211695F000C221C2 /* ProfileEditCollectionViewModel.swift */; };
		270D87532116986800C221C2 /* ProfileEdit.xcassets in Resources */ = {isa = PBXBuildFile; fileRef = 270D87522116986800C221C2 /* ProfileEdit.xcassets */; };
		270D875521171E9300C221C2 /* ProfileEditCollectionViewCell.swift in Sources */ = {isa = PBXBuildFile; fileRef = 270D875421171E9300C221C2 /* ProfileEditCollectionViewCell.swift */; };
		2710074120DAD3CA0020E229 /* CustomNavigationController.swift in Sources */ = {isa = PBXBuildFile; fileRef = 2710074020DAD3CA0020E229 /* CustomNavigationController.swift */; };
		2710074620DB0B310020E229 /* AddArtist.storyboard in Resources */ = {isa = PBXBuildFile; fileRef = 2710074520DB0B310020E229 /* AddArtist.storyboard */; };
		2710074920DB2C4C0020E229 /* AddArtistsViewController.swift in Sources */ = {isa = PBXBuildFile; fileRef = 2710074820DB2C4B0020E229 /* AddArtistsViewController.swift */; };
		271D3C57208A5E08008AA3E2 /* PickerSelect.swift in Sources */ = {isa = PBXBuildFile; fileRef = 271D3C56208A5E08008AA3E2 /* PickerSelect.swift */; };
		271D3C59208A679F008AA3E2 /* GenreRead.swift in Sources */ = {isa = PBXBuildFile; fileRef = 271D3C58208A679F008AA3E2 /* GenreRead.swift */; };
		271EEC4E2119326D003C4E6E /* SegmentControllerExtension.swift in Sources */ = {isa = PBXBuildFile; fileRef = 271EEC4D2119326D003C4E6E /* SegmentControllerExtension.swift */; };
		271EEC5021193609003C4E6E /* ProfileMain.storyboard in Resources */ = {isa = PBXBuildFile; fileRef = 271EEC4F21193609003C4E6E /* ProfileMain.storyboard */; };
		271EEC53211936CE003C4E6E /* ProfileMain.xcassets in Resources */ = {isa = PBXBuildFile; fileRef = 271EEC52211936CE003C4E6E /* ProfileMain.xcassets */; };
		27203DD420CAB9AC00A39D0A /* StageNameStoryboard.storyboard in Resources */ = {isa = PBXBuildFile; fileRef = 27203DD320CAB9AC00A39D0A /* StageNameStoryboard.storyboard */; };
		27203DD820CAB9F900A39D0A /* StageNameViewController.swift in Sources */ = {isa = PBXBuildFile; fileRef = 27203DD720CAB9F900A39D0A /* StageNameViewController.swift */; };
		2722B51B20C05BCA00E90CB0 /* StaticLoginFields.storyboard in Resources */ = {isa = PBXBuildFile; fileRef = 2722B51A20C05BCA00E90CB0 /* StaticLoginFields.storyboard */; };
		2722B51E20C066EB00E90CB0 /* StaticFieldsAssets.xcassets in Resources */ = {isa = PBXBuildFile; fileRef = 2722B51D20C066EB00E90CB0 /* StaticFieldsAssets.xcassets */; };
		27263961210E0AE0002F20F0 /* ArtistAdd.xcassets in Resources */ = {isa = PBXBuildFile; fileRef = 27263960210E0AE0002F20F0 /* ArtistAdd.xcassets */; };
		2729C0BA2097C059007F86C1 /* UserReadWrite.swift in Sources */ = {isa = PBXBuildFile; fileRef = 2729C0B92097C059007F86C1 /* UserReadWrite.swift */; };
		2734C91F208594A200123924 /* FireBasePaths.swift in Sources */ = {isa = PBXBuildFile; fileRef = 2734C91E208594A200123924 /* FireBasePaths.swift */; };
		2734C92320859D1300123924 /* FieldCheckProtocol.swift in Sources */ = {isa = PBXBuildFile; fileRef = 2734C92220859D1300123924 /* FieldCheckProtocol.swift */; };
		2741B01B208C11250012B322 /* SendHelpEmail.swift in Sources */ = {isa = PBXBuildFile; fileRef = 2741B01A208C11240012B322 /* SendHelpEmail.swift */; };
		2742AD8C20E566B400633CF1 /* AddArtistTableViewCell.swift in Sources */ = {isa = PBXBuildFile; fileRef = 2742AD8B20E566B400633CF1 /* AddArtistTableViewCell.swift */; };
		274F71B0211BD1D5001839F3 /* EditProfile.storyboard in Resources */ = {isa = PBXBuildFile; fileRef = 274F71AF211BD1D5001839F3 /* EditProfile.storyboard */; };
		2754ED2F20E552A7006CD3F9 /* AddArtistModel.swift in Sources */ = {isa = PBXBuildFile; fileRef = 2754ED2E20E552A7006CD3F9 /* AddArtistModel.swift */; };
		27635A3F2117CE0600EE5C64 /* ProfileEditGradientView.swift in Sources */ = {isa = PBXBuildFile; fileRef = 27635A3E2117CE0600EE5C64 /* ProfileEditGradientView.swift */; };
		276622562120A5B60058E3B3 /* EditProfileDelegate.swift in Sources */ = {isa = PBXBuildFile; fileRef = 276622552120A5B60058E3B3 /* EditProfileDelegate.swift */; };
		27692F1620810A3C000D7C8B /* AppDelegate.swift in Sources */ = {isa = PBXBuildFile; fileRef = 27692F1520810A3C000D7C8B /* AppDelegate.swift */; };
		27692F1820810A3C000D7C8B /* ViewController.swift in Sources */ = {isa = PBXBuildFile; fileRef = 27692F1720810A3C000D7C8B /* ViewController.swift */; };
		27692F1B20810A3C000D7C8B /* Main.storyboard in Resources */ = {isa = PBXBuildFile; fileRef = 27692F1920810A3C000D7C8B /* Main.storyboard */; };
		27692F1D20810A3F000D7C8B /* Assets.xcassets in Resources */ = {isa = PBXBuildFile; fileRef = 27692F1C20810A3F000D7C8B /* Assets.xcassets */; };
		27692F2020810A3F000D7C8B /* LaunchScreen.storyboard in Resources */ = {isa = PBXBuildFile; fileRef = 27692F1E20810A3F000D7C8B /* LaunchScreen.storyboard */; };
		27692F2E20810E95000D7C8B /* Login.storyboard in Resources */ = {isa = PBXBuildFile; fileRef = 27692F2D20810E95000D7C8B /* Login.storyboard */; };
		277318CE2087A0C200C30C05 /* ApiReadWrite.swift in Sources */ = {isa = PBXBuildFile; fileRef = 277318CD2087A0C200C30C05 /* ApiReadWrite.swift */; };
		2777B9E420CAF8B400C98BF4 /* TutorialStepViewController.swift in Sources */ = {isa = PBXBuildFile; fileRef = 2777B9E220CAF8B400C98BF4 /* TutorialStepViewController.swift */; };
		2777B9E520CAF8B400C98BF4 /* TutorialViewController.swift in Sources */ = {isa = PBXBuildFile; fileRef = 2777B9E320CAF8B400C98BF4 /* TutorialViewController.swift */; };
		2777B9E820CAF8CC00C98BF4 /* TutorialStepModel.swift in Sources */ = {isa = PBXBuildFile; fileRef = 2777B9E620CAF8CB00C98BF4 /* TutorialStepModel.swift */; };
		2777B9E920CAF8CC00C98BF4 /* TutorialStepProtocol.swift in Sources */ = {isa = PBXBuildFile; fileRef = 2777B9E720CAF8CB00C98BF4 /* TutorialStepProtocol.swift */; };
		2777B9EC20CAF90000C98BF4 /* TutorialAssets.xcassets in Resources */ = {isa = PBXBuildFile; fileRef = 2777B9EB20CAF90000C98BF4 /* TutorialAssets.xcassets */; };
		2781107F2087D75D0071A3E5 /* loginassets.xcassets in Resources */ = {isa = PBXBuildFile; fileRef = 2781107E2087D75D0071A3E5 /* loginassets.xcassets */; };
		278110822087D9140071A3E5 /* BaseViewController.swift in Sources */ = {isa = PBXBuildFile; fileRef = 278110812087D9140071A3E5 /* BaseViewController.swift */; };
		278110842087DD240071A3E5 /* UIViewExtensions.swift in Sources */ = {isa = PBXBuildFile; fileRef = 278110832087DD240071A3E5 /* UIViewExtensions.swift */; };
		278110862087E0800071A3E5 /* ViewWithBottomLayer.swift in Sources */ = {isa = PBXBuildFile; fileRef = 278110852087E0800071A3E5 /* ViewWithBottomLayer.swift */; };
		278110882087E7A60071A3E5 /* UitextFieldWithWhitePlaceHolder.swift in Sources */ = {isa = PBXBuildFile; fileRef = 278110872087E7A60071A3E5 /* UitextFieldWithWhitePlaceHolder.swift */; };
		278C625D20BF46BF00823D9B /* LoginSelectViewController.swift in Sources */ = {isa = PBXBuildFile; fileRef = 278C625C20BF46BF00823D9B /* LoginSelectViewController.swift */; };
		278C625F20BF474900823D9B /* UiviewControllerExtension.swift in Sources */ = {isa = PBXBuildFile; fileRef = 278C625E20BF474900823D9B /* UiviewControllerExtension.swift */; };
		278E865320C878850018A945 /* GoogleService-Info.plist in Resources */ = {isa = PBXBuildFile; fileRef = 278E865220C878850018A945 /* GoogleService-Info.plist */; };
		2790D38220C9814A00665484 /* DateFormatExtensions.swift in Sources */ = {isa = PBXBuildFile; fileRef = 2790D38120C9814A00665484 /* DateFormatExtensions.swift */; };
		2790D38420C9850B00665484 /* StaticLonginSignUpExtension.swift in Sources */ = {isa = PBXBuildFile; fileRef = 2790D38320C9850B00665484 /* StaticLonginSignUpExtension.swift */; };
		2797C8C8208B970800AD93B4 /* RedWriteRules.swift in Sources */ = {isa = PBXBuildFile; fileRef = 2797C8C7208B970800AD93B4 /* RedWriteRules.swift */; };
		2797C8CC208BE30200AD93B4 /* ForgotPassword.storyboard in Resources */ = {isa = PBXBuildFile; fileRef = 2797C8CB208BE30200AD93B4 /* ForgotPassword.storyboard */; };
		2797C8D0208BE33200AD93B4 /* ForgotPasswordViewController.swift in Sources */ = {isa = PBXBuildFile; fileRef = 2797C8CF208BE33200AD93B4 /* ForgotPasswordViewController.swift */; };
		2797C8D2208BE90B00AD93B4 /* PasswordResetProtocol.swift in Sources */ = {isa = PBXBuildFile; fileRef = 2797C8D1208BE90B00AD93B4 /* PasswordResetProtocol.swift */; };
		279D7CB42093AFDF00208CE8 /* FacebookRegisterandLogin.swift in Sources */ = {isa = PBXBuildFile; fileRef = 279D7CB32093AFDF00208CE8 /* FacebookRegisterandLogin.swift */; };
		27A713AD208909150095E044 /* RegisterAssets.xcassets in Resources */ = {isa = PBXBuildFile; fileRef = 27A713AC208909150095E044 /* RegisterAssets.xcassets */; };
		27A713B4208991130095E044 /* UserTypeAssets.xcassets in Resources */ = {isa = PBXBuildFile; fileRef = 27A713B3208991130095E044 /* UserTypeAssets.xcassets */; };
		27A713B62089928B0095E044 /* BaseViewWithChair.swift in Sources */ = {isa = PBXBuildFile; fileRef = 27A713B52089928B0095E044 /* BaseViewWithChair.swift */; };
		27A713B8208A27CE0095E044 /* UserTypeSelectViewController.swift in Sources */ = {isa = PBXBuildFile; fileRef = 27A713B7208A27CE0095E044 /* UserTypeSelectViewController.swift */; };
		27AB243420E834400080A2AC /* CheckUserNameAvaiableProtocol.swift in Sources */ = {isa = PBXBuildFile; fileRef = 27AB243320E834400080A2AC /* CheckUserNameAvaiableProtocol.swift */; };
		27AD43A920BF445C00A2F11E /* BaseViewHiddenNav.swift in Sources */ = {isa = PBXBuildFile; fileRef = 27AD43A820BF445C00A2F11E /* BaseViewHiddenNav.swift */; };
		27AF83612117B34500FCC35C /* OvalRedBorderButton.swift in Sources */ = {isa = PBXBuildFile; fileRef = 27AF83602117B34500FCC35C /* OvalRedBorderButton.swift */; };
		27B2C5B6208697F90063AB75 /* AlertViews .swift in Sources */ = {isa = PBXBuildFile; fileRef = 27B2C5B5208697F90063AB75 /* AlertViews .swift */; };
		27B2C5BA208698B10063AB75 /* CreateNewUserProtocol.swift in Sources */ = {isa = PBXBuildFile; fileRef = 27B2C5B9208698B10063AB75 /* CreateNewUserProtocol.swift */; };
		27BA62DD20C1CE6B00A8C4DE /* StaticLoginControllerTableView.swift in Sources */ = {isa = PBXBuildFile; fileRef = 27BA62DC20C1CE6B00A8C4DE /* StaticLoginControllerTableView.swift */; };
		27BA62DF20C1EC9F00A8C4DE /* GenderSelectPicker.swift in Sources */ = {isa = PBXBuildFile; fileRef = 27BA62DE20C1EC9F00A8C4DE /* GenderSelectPicker.swift */; };
		27BAD98A211F6761004F589F /* EditProfileTableViewController.swift in Sources */ = {isa = PBXBuildFile; fileRef = 27BAD989211F6761004F589F /* EditProfileTableViewController.swift */; };
		27C6A6BC208E6D3400269280 /* LoginUserProtocol.swift in Sources */ = {isa = PBXBuildFile; fileRef = 27C6A6BB208E6D3400269280 /* LoginUserProtocol.swift */; };
		27C6A6C0208E798C00269280 /* CheckUserStatusProtocol.swift in Sources */ = {isa = PBXBuildFile; fileRef = 27C6A6BF208E798C00269280 /* CheckUserStatusProtocol.swift */; };
		27D83E2420F550FB00C400AA /* FollowUserProtocol.swift in Sources */ = {isa = PBXBuildFile; fileRef = 27D83E2320F550FB00C400AA /* FollowUserProtocol.swift */; };
		27DCE5C8211296790078971F /* ProfileEdit.storyboard in Resources */ = {isa = PBXBuildFile; fileRef = 27DCE5C7211296790078971F /* ProfileEdit.storyboard */; };
		27EF93E0211A842E008B5E51 /* ProfileMainTabBar.swift in Sources */ = {isa = PBXBuildFile; fileRef = 27EF93DF211A842E008B5E51 /* ProfileMainTabBar.swift */; };
		27F99B5620EBBCCF0093B500 /* CreateNewUserApiProtocol.swift in Sources */ = {isa = PBXBuildFile; fileRef = 27F99B5520EBBCCF0093B500 /* CreateNewUserApiProtocol.swift */; };
		27FA33B92088F97B008CC7D3 /* BaseViewAssests.xcassets in Resources */ = {isa = PBXBuildFile; fileRef = 27FA33B82088F97B008CC7D3 /* BaseViewAssests.xcassets */; };
		E8E206C2CC07A458A1D0226D /* Pods_OpenMic.framework in Frameworks */ = {isa = PBXBuildFile; fileRef = 3E66F789B4826E502466151A /* Pods_OpenMic.framework */; };
/* End PBXBuildFile section */

/* Begin PBXFileReference section */
		167B2DC51F690E9D6A080700 /* Pods-OpenMic.release.xcconfig */ = {isa = PBXFileReference; includeInIndex = 1; lastKnownFileType = text.xcconfig; name = "Pods-OpenMic.release.xcconfig"; path = "Pods/Target Support Files/Pods-OpenMic/Pods-OpenMic.release.xcconfig"; sourceTree = "<group>"; };
		270D87492116948700C221C2 /* ProfileEditCollectionReusableView.swift */ = {isa = PBXFileReference; lastKnownFileType = sourcecode.swift; path = ProfileEditCollectionReusableView.swift; sourceTree = "<group>"; };
		270D874C211694BF00C221C2 /* ProfileEditViewController.swift */ = {isa = PBXFileReference; lastKnownFileType = sourcecode.swift; path = ProfileEditViewController.swift; sourceTree = "<group>"; };
		270D8750211695F000C221C2 /* ProfileEditCollectionViewModel.swift */ = {isa = PBXFileReference; lastKnownFileType = sourcecode.swift; path = ProfileEditCollectionViewModel.swift; sourceTree = "<group>"; };
		270D87522116986800C221C2 /* ProfileEdit.xcassets */ = {isa = PBXFileReference; lastKnownFileType = folder.assetcatalog; path = ProfileEdit.xcassets; sourceTree = "<group>"; };
		270D875421171E9300C221C2 /* ProfileEditCollectionViewCell.swift */ = {isa = PBXFileReference; lastKnownFileType = sourcecode.swift; path = ProfileEditCollectionViewCell.swift; sourceTree = "<group>"; };
		2710074020DAD3CA0020E229 /* CustomNavigationController.swift */ = {isa = PBXFileReference; lastKnownFileType = sourcecode.swift; path = CustomNavigationController.swift; sourceTree = "<group>"; };
		2710074520DB0B310020E229 /* AddArtist.storyboard */ = {isa = PBXFileReference; lastKnownFileType = file.storyboard; path = AddArtist.storyboard; sourceTree = "<group>"; };
		2710074820DB2C4B0020E229 /* AddArtistsViewController.swift */ = {isa = PBXFileReference; lastKnownFileType = sourcecode.swift; path = AddArtistsViewController.swift; sourceTree = "<group>"; };
		271D3C56208A5E08008AA3E2 /* PickerSelect.swift */ = {isa = PBXFileReference; lastKnownFileType = sourcecode.swift; path = PickerSelect.swift; sourceTree = "<group>"; };
		271D3C58208A679F008AA3E2 /* GenreRead.swift */ = {isa = PBXFileReference; lastKnownFileType = sourcecode.swift; path = GenreRead.swift; sourceTree = "<group>"; };
		271EEC4D2119326D003C4E6E /* SegmentControllerExtension.swift */ = {isa = PBXFileReference; lastKnownFileType = sourcecode.swift; path = SegmentControllerExtension.swift; sourceTree = "<group>"; };
		271EEC4F21193609003C4E6E /* ProfileMain.storyboard */ = {isa = PBXFileReference; lastKnownFileType = file.storyboard; path = ProfileMain.storyboard; sourceTree = "<group>"; };
		271EEC52211936CE003C4E6E /* ProfileMain.xcassets */ = {isa = PBXFileReference; lastKnownFileType = folder.assetcatalog; path = ProfileMain.xcassets; sourceTree = "<group>"; };
		27203DD320CAB9AC00A39D0A /* StageNameStoryboard.storyboard */ = {isa = PBXFileReference; lastKnownFileType = file.storyboard; path = StageNameStoryboard.storyboard; sourceTree = "<group>"; };
		27203DD720CAB9F900A39D0A /* StageNameViewController.swift */ = {isa = PBXFileReference; lastKnownFileType = sourcecode.swift; path = StageNameViewController.swift; sourceTree = "<group>"; };
		2722B51A20C05BCA00E90CB0 /* StaticLoginFields.storyboard */ = {isa = PBXFileReference; lastKnownFileType = file.storyboard; path = StaticLoginFields.storyboard; sourceTree = "<group>"; };
		2722B51D20C066EB00E90CB0 /* StaticFieldsAssets.xcassets */ = {isa = PBXFileReference; lastKnownFileType = folder.assetcatalog; path = StaticFieldsAssets.xcassets; sourceTree = "<group>"; };
		27263960210E0AE0002F20F0 /* ArtistAdd.xcassets */ = {isa = PBXFileReference; lastKnownFileType = folder.assetcatalog; path = ArtistAdd.xcassets; sourceTree = "<group>"; };
		2729C0B92097C059007F86C1 /* UserReadWrite.swift */ = {isa = PBXFileReference; lastKnownFileType = sourcecode.swift; path = UserReadWrite.swift; sourceTree = "<group>"; };
		2734C91E208594A200123924 /* FireBasePaths.swift */ = {isa = PBXFileReference; lastKnownFileType = sourcecode.swift; path = FireBasePaths.swift; sourceTree = "<group>"; };
		2734C92220859D1300123924 /* FieldCheckProtocol.swift */ = {isa = PBXFileReference; lastKnownFileType = sourcecode.swift; path = FieldCheckProtocol.swift; sourceTree = "<group>"; };
		2741B01A208C11240012B322 /* SendHelpEmail.swift */ = {isa = PBXFileReference; lastKnownFileType = sourcecode.swift; path = SendHelpEmail.swift; sourceTree = "<group>"; };
		2742AD8B20E566B400633CF1 /* AddArtistTableViewCell.swift */ = {isa = PBXFileReference; lastKnownFileType = sourcecode.swift; path = AddArtistTableViewCell.swift; sourceTree = "<group>"; };
		274F71AF211BD1D5001839F3 /* EditProfile.storyboard */ = {isa = PBXFileReference; lastKnownFileType = file.storyboard; path = EditProfile.storyboard; sourceTree = "<group>"; };
		2754ED2E20E552A7006CD3F9 /* AddArtistModel.swift */ = {isa = PBXFileReference; lastKnownFileType = sourcecode.swift; path = AddArtistModel.swift; sourceTree = "<group>"; };
		27635A3E2117CE0600EE5C64 /* ProfileEditGradientView.swift */ = {isa = PBXFileReference; lastKnownFileType = sourcecode.swift; path = ProfileEditGradientView.swift; sourceTree = "<group>"; };
		276622552120A5B60058E3B3 /* EditProfileDelegate.swift */ = {isa = PBXFileReference; lastKnownFileType = sourcecode.swift; path = EditProfileDelegate.swift; sourceTree = "<group>"; };
		27692F1220810A3C000D7C8B /* OpenMic.app */ = {isa = PBXFileReference; explicitFileType = wrapper.application; includeInIndex = 0; path = OpenMic.app; sourceTree = BUILT_PRODUCTS_DIR; };
		27692F1520810A3C000D7C8B /* AppDelegate.swift */ = {isa = PBXFileReference; lastKnownFileType = sourcecode.swift; path = AppDelegate.swift; sourceTree = "<group>"; };
		27692F1720810A3C000D7C8B /* ViewController.swift */ = {isa = PBXFileReference; lastKnownFileType = sourcecode.swift; path = ViewController.swift; sourceTree = "<group>"; };
		27692F1A20810A3C000D7C8B /* Base */ = {isa = PBXFileReference; lastKnownFileType = file.storyboard; name = Base; path = Base.lproj/Main.storyboard; sourceTree = "<group>"; };
		27692F1C20810A3F000D7C8B /* Assets.xcassets */ = {isa = PBXFileReference; lastKnownFileType = folder.assetcatalog; path = Assets.xcassets; sourceTree = "<group>"; };
		27692F1F20810A3F000D7C8B /* Base */ = {isa = PBXFileReference; lastKnownFileType = file.storyboard; name = Base; path = Base.lproj/LaunchScreen.storyboard; sourceTree = "<group>"; };
		27692F2120810A3F000D7C8B /* Info.plist */ = {isa = PBXFileReference; lastKnownFileType = text.plist.xml; path = Info.plist; sourceTree = "<group>"; };
		27692F2D20810E95000D7C8B /* Login.storyboard */ = {isa = PBXFileReference; lastKnownFileType = file.storyboard; path = Login.storyboard; sourceTree = "<group>"; };
		277318CD2087A0C200C30C05 /* ApiReadWrite.swift */ = {isa = PBXFileReference; lastKnownFileType = sourcecode.swift; path = ApiReadWrite.swift; sourceTree = "<group>"; };
		2777B9E220CAF8B400C98BF4 /* TutorialStepViewController.swift */ = {isa = PBXFileReference; fileEncoding = 4; lastKnownFileType = sourcecode.swift; path = TutorialStepViewController.swift; sourceTree = "<group>"; };
		2777B9E320CAF8B400C98BF4 /* TutorialViewController.swift */ = {isa = PBXFileReference; fileEncoding = 4; lastKnownFileType = sourcecode.swift; path = TutorialViewController.swift; sourceTree = "<group>"; };
		2777B9E620CAF8CB00C98BF4 /* TutorialStepModel.swift */ = {isa = PBXFileReference; fileEncoding = 4; lastKnownFileType = sourcecode.swift; path = TutorialStepModel.swift; sourceTree = "<group>"; };
		2777B9E720CAF8CB00C98BF4 /* TutorialStepProtocol.swift */ = {isa = PBXFileReference; fileEncoding = 4; lastKnownFileType = sourcecode.swift; path = TutorialStepProtocol.swift; sourceTree = "<group>"; };
		2777B9EB20CAF90000C98BF4 /* TutorialAssets.xcassets */ = {isa = PBXFileReference; lastKnownFileType = folder.assetcatalog; path = TutorialAssets.xcassets; sourceTree = "<group>"; };
		2781107E2087D75D0071A3E5 /* loginassets.xcassets */ = {isa = PBXFileReference; lastKnownFileType = folder.assetcatalog; path = loginassets.xcassets; sourceTree = "<group>"; };
		278110812087D9140071A3E5 /* BaseViewController.swift */ = {isa = PBXFileReference; lastKnownFileType = sourcecode.swift; path = BaseViewController.swift; sourceTree = "<group>"; };
		278110832087DD240071A3E5 /* UIViewExtensions.swift */ = {isa = PBXFileReference; lastKnownFileType = sourcecode.swift; path = UIViewExtensions.swift; sourceTree = "<group>"; };
		278110852087E0800071A3E5 /* ViewWithBottomLayer.swift */ = {isa = PBXFileReference; lastKnownFileType = sourcecode.swift; path = ViewWithBottomLayer.swift; sourceTree = "<group>"; };
		278110872087E7A60071A3E5 /* UitextFieldWithWhitePlaceHolder.swift */ = {isa = PBXFileReference; lastKnownFileType = sourcecode.swift; path = UitextFieldWithWhitePlaceHolder.swift; sourceTree = "<group>"; };
		278C625C20BF46BF00823D9B /* LoginSelectViewController.swift */ = {isa = PBXFileReference; lastKnownFileType = sourcecode.swift; path = LoginSelectViewController.swift; sourceTree = "<group>"; };
		278C625E20BF474900823D9B /* UiviewControllerExtension.swift */ = {isa = PBXFileReference; lastKnownFileType = sourcecode.swift; path = UiviewControllerExtension.swift; sourceTree = "<group>"; };
		278E865220C878850018A945 /* GoogleService-Info.plist */ = {isa = PBXFileReference; fileEncoding = 4; lastKnownFileType = text.plist.xml; path = "GoogleService-Info.plist"; sourceTree = "<group>"; };
		2790D38120C9814A00665484 /* DateFormatExtensions.swift */ = {isa = PBXFileReference; lastKnownFileType = sourcecode.swift; path = DateFormatExtensions.swift; sourceTree = "<group>"; };
		2790D38320C9850B00665484 /* StaticLonginSignUpExtension.swift */ = {isa = PBXFileReference; lastKnownFileType = sourcecode.swift; path = StaticLonginSignUpExtension.swift; sourceTree = "<group>"; };
		2797C8C7208B970800AD93B4 /* RedWriteRules.swift */ = {isa = PBXFileReference; lastKnownFileType = sourcecode.swift; path = RedWriteRules.swift; sourceTree = "<group>"; };
		2797C8CB208BE30200AD93B4 /* ForgotPassword.storyboard */ = {isa = PBXFileReference; lastKnownFileType = file.storyboard; path = ForgotPassword.storyboard; sourceTree = "<group>"; };
		2797C8CF208BE33200AD93B4 /* ForgotPasswordViewController.swift */ = {isa = PBXFileReference; lastKnownFileType = sourcecode.swift; path = ForgotPasswordViewController.swift; sourceTree = "<group>"; };
		2797C8D1208BE90B00AD93B4 /* PasswordResetProtocol.swift */ = {isa = PBXFileReference; lastKnownFileType = sourcecode.swift; path = PasswordResetProtocol.swift; sourceTree = "<group>"; };
		279D7CB32093AFDF00208CE8 /* FacebookRegisterandLogin.swift */ = {isa = PBXFileReference; lastKnownFileType = sourcecode.swift; path = FacebookRegisterandLogin.swift; sourceTree = "<group>"; };
		27A713AC208909150095E044 /* RegisterAssets.xcassets */ = {isa = PBXFileReference; lastKnownFileType = folder.assetcatalog; path = RegisterAssets.xcassets; sourceTree = "<group>"; };
		27A713B3208991130095E044 /* UserTypeAssets.xcassets */ = {isa = PBXFileReference; lastKnownFileType = folder.assetcatalog; path = UserTypeAssets.xcassets; sourceTree = "<group>"; };
		27A713B52089928B0095E044 /* BaseViewWithChair.swift */ = {isa = PBXFileReference; lastKnownFileType = sourcecode.swift; path = BaseViewWithChair.swift; sourceTree = "<group>"; };
		27A713B7208A27CE0095E044 /* UserTypeSelectViewController.swift */ = {isa = PBXFileReference; lastKnownFileType = sourcecode.swift; path = UserTypeSelectViewController.swift; sourceTree = "<group>"; };
		27AB243320E834400080A2AC /* CheckUserNameAvaiableProtocol.swift */ = {isa = PBXFileReference; lastKnownFileType = sourcecode.swift; path = CheckUserNameAvaiableProtocol.swift; sourceTree = "<group>"; };
		27AD43A820BF445C00A2F11E /* BaseViewHiddenNav.swift */ = {isa = PBXFileReference; lastKnownFileType = sourcecode.swift; path = BaseViewHiddenNav.swift; sourceTree = "<group>"; };
		27AF83602117B34500FCC35C /* OvalRedBorderButton.swift */ = {isa = PBXFileReference; lastKnownFileType = sourcecode.swift; path = OvalRedBorderButton.swift; sourceTree = "<group>"; };
		27B2C5B5208697F90063AB75 /* AlertViews .swift */ = {isa = PBXFileReference; lastKnownFileType = sourcecode.swift; path = "AlertViews .swift"; sourceTree = "<group>"; };
		27B2C5B9208698B10063AB75 /* CreateNewUserProtocol.swift */ = {isa = PBXFileReference; lastKnownFileType = sourcecode.swift; path = CreateNewUserProtocol.swift; sourceTree = "<group>"; };
		27BA62DC20C1CE6B00A8C4DE /* StaticLoginControllerTableView.swift */ = {isa = PBXFileReference; lastKnownFileType = sourcecode.swift; path = StaticLoginControllerTableView.swift; sourceTree = "<group>"; };
		27BA62DE20C1EC9F00A8C4DE /* GenderSelectPicker.swift */ = {isa = PBXFileReference; lastKnownFileType = sourcecode.swift; path = GenderSelectPicker.swift; sourceTree = "<group>"; };
		27BAD989211F6761004F589F /* EditProfileTableViewController.swift */ = {isa = PBXFileReference; lastKnownFileType = sourcecode.swift; path = EditProfileTableViewController.swift; sourceTree = "<group>"; };
		27C6A6BB208E6D3400269280 /* LoginUserProtocol.swift */ = {isa = PBXFileReference; lastKnownFileType = sourcecode.swift; path = LoginUserProtocol.swift; sourceTree = "<group>"; };
		27C6A6BF208E798C00269280 /* CheckUserStatusProtocol.swift */ = {isa = PBXFileReference; lastKnownFileType = sourcecode.swift; path = CheckUserStatusProtocol.swift; sourceTree = "<group>"; };
		27D83E2320F550FB00C400AA /* FollowUserProtocol.swift */ = {isa = PBXFileReference; lastKnownFileType = sourcecode.swift; path = FollowUserProtocol.swift; sourceTree = "<group>"; };
		27DCE5C7211296790078971F /* ProfileEdit.storyboard */ = {isa = PBXFileReference; lastKnownFileType = file.storyboard; path = ProfileEdit.storyboard; sourceTree = "<group>"; };
		27EF93DF211A842E008B5E51 /* ProfileMainTabBar.swift */ = {isa = PBXFileReference; lastKnownFileType = sourcecode.swift; path = ProfileMainTabBar.swift; sourceTree = "<group>"; };
		27F99B5520EBBCCF0093B500 /* CreateNewUserApiProtocol.swift */ = {isa = PBXFileReference; lastKnownFileType = sourcecode.swift; path = CreateNewUserApiProtocol.swift; sourceTree = "<group>"; };
		27FA33B82088F97B008CC7D3 /* BaseViewAssests.xcassets */ = {isa = PBXFileReference; lastKnownFileType = folder.assetcatalog; path = BaseViewAssests.xcassets; sourceTree = "<group>"; };
		3E66F789B4826E502466151A /* Pods_OpenMic.framework */ = {isa = PBXFileReference; explicitFileType = wrapper.framework; includeInIndex = 0; path = Pods_OpenMic.framework; sourceTree = BUILT_PRODUCTS_DIR; };
		55E902C8AF13CB2D12DDA393 /* Pods-OpenMic.debug.xcconfig */ = {isa = PBXFileReference; includeInIndex = 1; lastKnownFileType = text.xcconfig; name = "Pods-OpenMic.debug.xcconfig"; path = "Pods/Target Support Files/Pods-OpenMic/Pods-OpenMic.debug.xcconfig"; sourceTree = "<group>"; };
/* End PBXFileReference section */

/* Begin PBXFrameworksBuildPhase section */
		27692F0F20810A3C000D7C8B /* Frameworks */ = {
			isa = PBXFrameworksBuildPhase;
			buildActionMask = 2147483647;
			files = (
				E8E206C2CC07A458A1D0226D /* Pods_OpenMic.framework in Frameworks */,
			);
			runOnlyForDeploymentPostprocessing = 0;
		};
/* End PBXFrameworksBuildPhase section */

/* Begin PBXGroup section */
		270D874B211694A100C221C2 /* Controller */ = {
			isa = PBXGroup;
			children = (
				270D87492116948700C221C2 /* ProfileEditCollectionReusableView.swift */,
				270D874C211694BF00C221C2 /* ProfileEditViewController.swift */,
				270D875421171E9300C221C2 /* ProfileEditCollectionViewCell.swift */,
			);
			path = Controller;
			sourceTree = "<group>";
		};
		270D874E211694C100C221C2 /* Model */ = {
			isa = PBXGroup;
			children = (
				270D8750211695F000C221C2 /* ProfileEditCollectionViewModel.swift */,
				27635A3E2117CE0600EE5C64 /* ProfileEditGradientView.swift */,
			);
			path = Model;
			sourceTree = "<group>";
		};
		270D874F211694C700C221C2 /* View */ = {
			isa = PBXGroup;
			children = (
				27DCE5C7211296790078971F /* ProfileEdit.storyboard */,
				270D87522116986800C221C2 /* ProfileEdit.xcassets */,
			);
			path = View;
			sourceTree = "<group>";
		};
		2710074220DB0A870020E229 /* add artist */ = {
			isa = PBXGroup;
			children = (
				2710074720DB2C220020E229 /* Controller */,
				2710074420DB0AB30020E229 /* View */,
				2710074320DB0AAE0020E229 /* Model  */,
			);
			path = "add artist";
			sourceTree = "<group>";
		};
		2710074320DB0AAE0020E229 /* Model  */ = {
			isa = PBXGroup;
			children = (
				2754ED2E20E552A7006CD3F9 /* AddArtistModel.swift */,
			);
			path = "Model ";
			sourceTree = "<group>";
		};
		2710074420DB0AB30020E229 /* View */ = {
			isa = PBXGroup;
			children = (
				2710074520DB0B310020E229 /* AddArtist.storyboard */,
				27263960210E0AE0002F20F0 /* ArtistAdd.xcassets */,
			);
			path = View;
			sourceTree = "<group>";
		};
		2710074720DB2C220020E229 /* Controller */ = {
			isa = PBXGroup;
			children = (
				2710074820DB2C4B0020E229 /* AddArtistsViewController.swift */,
				2742AD8B20E566B400633CF1 /* AddArtistTableViewCell.swift */,
			);
			path = Controller;
			sourceTree = "<group>";
		};
		271D3C55208A5DEE008AA3E2 /* Model */ = {
			isa = PBXGroup;
			children = (
				271D3C56208A5E08008AA3E2 /* PickerSelect.swift */,
			);
			path = Model;
			sourceTree = "<group>";
		};
		271EEC5121193611003C4E6E /* ProfileMain */ = {
			isa = PBXGroup;
			children = (
				271EEC4F21193609003C4E6E /* ProfileMain.storyboard */,
				271EEC52211936CE003C4E6E /* ProfileMain.xcassets */,
				27EF93DF211A842E008B5E51 /* ProfileMainTabBar.swift */,
			);
			name = ProfileMain;
			sourceTree = "<group>";
		};
		27203DD220CAB93B00A39D0A /* Stage name */ = {
			isa = PBXGroup;
			children = (
				27AB243220E82D080080A2AC /* Model  */,
				27203DD620CAB9D700A39D0A /* Controller  */,
				27203DD520CAB9CB00A39D0A /* View */,
			);
			path = "Stage name";
			sourceTree = "<group>";
		};
		27203DD520CAB9CB00A39D0A /* View */ = {
			isa = PBXGroup;
			children = (
				27203DD320CAB9AC00A39D0A /* StageNameStoryboard.storyboard */,
			);
			path = View;
			sourceTree = "<group>";
		};
		27203DD620CAB9D700A39D0A /* Controller  */ = {
			isa = PBXGroup;
			children = (
				27203DD720CAB9F900A39D0A /* StageNameViewController.swift */,
			);
			path = "Controller ";
			sourceTree = "<group>";
		};
		2722B51620C05B6700E90CB0 /* LoginRegisterStaticTableView */ = {
			isa = PBXGroup;
			children = (
				2722B51920C05BA900E90CB0 /* Controller */,
				2722B51720C05B9D00E90CB0 /* Model */,
				2722B51820C05BA400E90CB0 /* View */,
			);
			path = LoginRegisterStaticTableView;
			sourceTree = "<group>";
		};
		2722B51720C05B9D00E90CB0 /* Model */ = {
			isa = PBXGroup;
			children = (
				2734C92220859D1300123924 /* FieldCheckProtocol.swift */,
				27BA62DE20C1EC9F00A8C4DE /* GenderSelectPicker.swift */,
			);
			path = Model;
			sourceTree = "<group>";
		};
		2722B51820C05BA400E90CB0 /* View */ = {
			isa = PBXGroup;
			children = (
				2722B51A20C05BCA00E90CB0 /* StaticLoginFields.storyboard */,
				2722B51D20C066EB00E90CB0 /* StaticFieldsAssets.xcassets */,
			);
			path = View;
			sourceTree = "<group>";
		};
		2722B51920C05BA900E90CB0 /* Controller */ = {
			isa = PBXGroup;
			children = (
				27BA62DC20C1CE6B00A8C4DE /* StaticLoginControllerTableView.swift */,
				2790D38320C9850B00665484 /* StaticLonginSignUpExtension.swift */,
			);
			path = Controller;
			sourceTree = "<group>";
		};
		2734C91D2085948600123924 /* Firebase Read Write  */ = {
			isa = PBXGroup;
			children = (
				2734C91E208594A200123924 /* FireBasePaths.swift */,
				27B2C5B9208698B10063AB75 /* CreateNewUserProtocol.swift */,
				271D3C58208A679F008AA3E2 /* GenreRead.swift */,
				27C6A6BB208E6D3400269280 /* LoginUserProtocol.swift */,
				27C6A6BF208E798C00269280 /* CheckUserStatusProtocol.swift */,
				2729C0B92097C059007F86C1 /* UserReadWrite.swift */,
			);
			path = "Firebase Read Write ";
			sourceTree = "<group>";
		};
		274F71AB211BD126001839F3 /* EditProfile */ = {
			isa = PBXGroup;
			children = (
				274F71AE211BD1C0001839F3 /* Controller */,
				274F71AD211BD1BB001839F3 /* View */,
				274F71AC211BD1B7001839F3 /* Model  */,
			);
			path = EditProfile;
			sourceTree = "<group>";
		};
		274F71AC211BD1B7001839F3 /* Model  */ = {
			isa = PBXGroup;
			children = (
				276622552120A5B60058E3B3 /* EditProfileDelegate.swift */,
			);
			path = "Model ";
			sourceTree = "<group>";
		};
		274F71AD211BD1BB001839F3 /* View */ = {
			isa = PBXGroup;
			children = (
				274F71AF211BD1D5001839F3 /* EditProfile.storyboard */,
			);
			path = View;
			sourceTree = "<group>";
		};
		274F71AE211BD1C0001839F3 /* Controller */ = {
			isa = PBXGroup;
			children = (
				27BAD989211F6761004F589F /* EditProfileTableViewController.swift */,
			);
			path = Controller;
			sourceTree = "<group>";
		};
		27692F0920810A3C000D7C8B = {
			isa = PBXGroup;
			children = (
				27692F1420810A3C000D7C8B /* OpenMic */,
				27692F1320810A3C000D7C8B /* Products */,
				36C4D7CBCEFFE21E54923AD7 /* Pods */,
				6037CC8D3B14621B22AFEF3B /* Frameworks */,
			);
			sourceTree = "<group>";
		};
		27692F1320810A3C000D7C8B /* Products */ = {
			isa = PBXGroup;
			children = (
				27692F1220810A3C000D7C8B /* OpenMic.app */,
			);
			name = Products;
			sourceTree = "<group>";
		};
		27692F1420810A3C000D7C8B /* OpenMic */ = {
			isa = PBXGroup;
			children = (
				274F71AB211BD126001839F3 /* EditProfile */,
				271EEC5121193611003C4E6E /* ProfileMain */,
				27DCE5C42112946B0078971F /* Profile Edit */,
				2777B9DE20CAF85C00C98BF4 /* Tuttorial View */,
				278110802087D8590071A3E5 /* BaseViews */,
				27B2C5BB2086C06D0063AB75 /* API Read Write  */,
				27B2C5B4208697E40063AB75 /* AlertViews */,
				2734C91D2085948600123924 /* Firebase Read Write  */,
				2722B51620C05B6700E90CB0 /* LoginRegisterStaticTableView */,
				27692F2720810A5F000D7C8B /* Login and register */,
				2710074220DB0A870020E229 /* add artist */,
				27203DD220CAB93B00A39D0A /* Stage name */,
				2797C8C9208BE29D00AD93B4 /* ForgotPassword */,
				27A713AE208937850095E044 /* UserType */,
				27692F1520810A3C000D7C8B /* AppDelegate.swift */,
				27692F1720810A3C000D7C8B /* ViewController.swift */,
				27692F1C20810A3F000D7C8B /* Assets.xcassets */,
				27692F1E20810A3F000D7C8B /* LaunchScreen.storyboard */,
				27692F2120810A3F000D7C8B /* Info.plist */,
				278E865220C878850018A945 /* GoogleService-Info.plist */,
				2797C8C7208B970800AD93B4 /* RedWriteRules.swift */,
			);
			path = OpenMic;
			sourceTree = "<group>";
		};
		27692F2720810A5F000D7C8B /* Login and register */ = {
			isa = PBXGroup;
			children = (
				27692F2820810A67000D7C8B /* Model */,
				27692F2920810A73000D7C8B /* View */,
				27692F2A20810A78000D7C8B /* Controller */,
			);
			path = "Login and register";
			sourceTree = "<group>";
		};
		27692F2820810A67000D7C8B /* Model */ = {
			isa = PBXGroup;
			children = (
				279D7CB32093AFDF00208CE8 /* FacebookRegisterandLogin.swift */,
			);
			path = Model;
			sourceTree = "<group>";
		};
		27692F2920810A73000D7C8B /* View */ = {
			isa = PBXGroup;
			children = (
				27692F2D20810E95000D7C8B /* Login.storyboard */,
				2781107E2087D75D0071A3E5 /* loginassets.xcassets */,
				27A713AC208909150095E044 /* RegisterAssets.xcassets */,
			);
			path = View;
			sourceTree = "<group>";
		};
		27692F2A20810A78000D7C8B /* Controller */ = {
			isa = PBXGroup;
			children = (
				278C625C20BF46BF00823D9B /* LoginSelectViewController.swift */,
			);
			path = Controller;
			sourceTree = "<group>";
		};
		2777B9DE20CAF85C00C98BF4 /* Tuttorial View */ = {
			isa = PBXGroup;
			children = (
				2777B9E120CAF88200C98BF4 /* Controller  */,
				2777B9E020CAF87E00C98BF4 /* View */,
				2777B9DF20CAF86F00C98BF4 /* Model */,
			);
			path = "Tuttorial View";
			sourceTree = "<group>";
		};
		2777B9DF20CAF86F00C98BF4 /* Model */ = {
			isa = PBXGroup;
			children = (
				2777B9E620CAF8CB00C98BF4 /* TutorialStepModel.swift */,
				2777B9E720CAF8CB00C98BF4 /* TutorialStepProtocol.swift */,
			);
			path = Model;
			sourceTree = "<group>";
		};
		2777B9E020CAF87E00C98BF4 /* View */ = {
			isa = PBXGroup;
			children = (
				27692F1920810A3C000D7C8B /* Main.storyboard */,
				2777B9EB20CAF90000C98BF4 /* TutorialAssets.xcassets */,
			);
			path = View;
			sourceTree = "<group>";
		};
		2777B9E120CAF88200C98BF4 /* Controller  */ = {
			isa = PBXGroup;
			children = (
				2777B9E220CAF8B400C98BF4 /* TutorialStepViewController.swift */,
				2777B9E320CAF8B400C98BF4 /* TutorialViewController.swift */,
			);
			path = "Controller ";
			sourceTree = "<group>";
		};
		278110802087D8590071A3E5 /* BaseViews */ = {
			isa = PBXGroup;
			children = (
				27FA33B72088F95D008CC7D3 /* BaseViewController  */,
				278110832087DD240071A3E5 /* UIViewExtensions.swift */,
				278110852087E0800071A3E5 /* ViewWithBottomLayer.swift */,
				278110872087E7A60071A3E5 /* UitextFieldWithWhitePlaceHolder.swift */,
				278C625E20BF474900823D9B /* UiviewControllerExtension.swift */,
				2790D38120C9814A00665484 /* DateFormatExtensions.swift */,
				2710074020DAD3CA0020E229 /* CustomNavigationController.swift */,
				27AF83602117B34500FCC35C /* OvalRedBorderButton.swift */,
				271EEC4D2119326D003C4E6E /* SegmentControllerExtension.swift */,
			);
			path = BaseViews;
			sourceTree = "<group>";
		};
		2797C8C9208BE29D00AD93B4 /* ForgotPassword */ = {
			isa = PBXGroup;
			children = (
				2797C8D3208BE91000AD93B4 /* Model */,
				2797C8CD208BE30800AD93B4 /* Controller */,
				2797C8CA208BE2E400AD93B4 /* View */,
			);
			path = ForgotPassword;
			sourceTree = "<group>";
		};
		2797C8CA208BE2E400AD93B4 /* View */ = {
			isa = PBXGroup;
			children = (
				2797C8CB208BE30200AD93B4 /* ForgotPassword.storyboard */,
			);
			path = View;
			sourceTree = "<group>";
		};
		2797C8CD208BE30800AD93B4 /* Controller */ = {
			isa = PBXGroup;
			children = (
				2797C8CF208BE33200AD93B4 /* ForgotPasswordViewController.swift */,
			);
			path = Controller;
			sourceTree = "<group>";
		};
		2797C8D3208BE91000AD93B4 /* Model */ = {
			isa = PBXGroup;
			children = (
				2797C8D1208BE90B00AD93B4 /* PasswordResetProtocol.swift */,
				2741B01A208C11240012B322 /* SendHelpEmail.swift */,
			);
			path = Model;
			sourceTree = "<group>";
		};
		27A713AE208937850095E044 /* UserType */ = {
			isa = PBXGroup;
			children = (
				271D3C55208A5DEE008AA3E2 /* Model */,
				27A713B2208990170095E044 /* Controller */,
				27A713B120898FFF0095E044 /* View */,
			);
			path = UserType;
			sourceTree = "<group>";
		};
		27A713B120898FFF0095E044 /* View */ = {
			isa = PBXGroup;
			children = (
				27A713B3208991130095E044 /* UserTypeAssets.xcassets */,
			);
			path = View;
			sourceTree = "<group>";
		};
		27A713B2208990170095E044 /* Controller */ = {
			isa = PBXGroup;
			children = (
				27A713B7208A27CE0095E044 /* UserTypeSelectViewController.swift */,
			);
			path = Controller;
			sourceTree = "<group>";
		};
		27AB243220E82D080080A2AC /* Model  */ = {
			isa = PBXGroup;
			children = (
				27AB243320E834400080A2AC /* CheckUserNameAvaiableProtocol.swift */,
			);
			path = "Model ";
			sourceTree = "<group>";
		};
		27B2C5B4208697E40063AB75 /* AlertViews */ = {
			isa = PBXGroup;
			children = (
				27B2C5B5208697F90063AB75 /* AlertViews .swift */,
			);
			path = AlertViews;
			sourceTree = "<group>";
		};
		27B2C5BB2086C06D0063AB75 /* API Read Write  */ = {
			isa = PBXGroup;
			children = (
				277318CD2087A0C200C30C05 /* ApiReadWrite.swift */,
				27F99B5520EBBCCF0093B500 /* CreateNewUserApiProtocol.swift */,
				27D83E2320F550FB00C400AA /* FollowUserProtocol.swift */,
			);
			path = "API Read Write ";
			sourceTree = "<group>";
		};
		27DCE5C42112946B0078971F /* Profile Edit */ = {
			isa = PBXGroup;
			children = (
				270D874E211694C100C221C2 /* Model */,
				270D874B211694A100C221C2 /* Controller */,
				270D874F211694C700C221C2 /* View */,
			);
			path = "Profile Edit";
			sourceTree = "<group>";
		};
		27FA33B72088F95D008CC7D3 /* BaseViewController  */ = {
			isa = PBXGroup;
			children = (
				278110812087D9140071A3E5 /* BaseViewController.swift */,
				27FA33B82088F97B008CC7D3 /* BaseViewAssests.xcassets */,
				27A713B52089928B0095E044 /* BaseViewWithChair.swift */,
				27AD43A820BF445C00A2F11E /* BaseViewHiddenNav.swift */,
			);
			path = "BaseViewController ";
			sourceTree = "<group>";
		};
		36C4D7CBCEFFE21E54923AD7 /* Pods */ = {
			isa = PBXGroup;
			children = (
				55E902C8AF13CB2D12DDA393 /* Pods-OpenMic.debug.xcconfig */,
				167B2DC51F690E9D6A080700 /* Pods-OpenMic.release.xcconfig */,
			);
			name = Pods;
			sourceTree = "<group>";
		};
		6037CC8D3B14621B22AFEF3B /* Frameworks */ = {
			isa = PBXGroup;
			children = (
				3E66F789B4826E502466151A /* Pods_OpenMic.framework */,
			);
			name = Frameworks;
			sourceTree = "<group>";
		};
/* End PBXGroup section */

/* Begin PBXNativeTarget section */
		27692F1120810A3C000D7C8B /* OpenMic */ = {
			isa = PBXNativeTarget;
			buildConfigurationList = 27692F2420810A3F000D7C8B /* Build configuration list for PBXNativeTarget "OpenMic" */;
			buildPhases = (
				EA02067B6FA79B37D75D28D2 /* [CP] Check Pods Manifest.lock */,
				27692F0E20810A3C000D7C8B /* Sources */,
				27692F0F20810A3C000D7C8B /* Frameworks */,
				27692F1020810A3C000D7C8B /* Resources */,
				DED71934FAB8672C896D118A /* [CP] Embed Pods Frameworks */,
			);
			buildRules = (
			);
			dependencies = (
			);
			name = OpenMic;
			productName = OpenMic;
			productReference = 27692F1220810A3C000D7C8B /* OpenMic.app */;
			productType = "com.apple.product-type.application";
		};
/* End PBXNativeTarget section */

/* Begin PBXProject section */
		27692F0A20810A3C000D7C8B /* Project object */ = {
			isa = PBXProject;
			attributes = {
				LastSwiftUpdateCheck = 0930;
				LastUpgradeCheck = 0930;
				ORGANIZATIONNAME = Mike;
				TargetAttributes = {
					27692F1120810A3C000D7C8B = {
						CreatedOnToolsVersion = 9.3;
					};
				};
			};
			buildConfigurationList = 27692F0D20810A3C000D7C8B /* Build configuration list for PBXProject "OpenMic" */;
			compatibilityVersion = "Xcode 9.3";
			developmentRegion = en;
			hasScannedForEncodings = 0;
			knownRegions = (
				en,
				Base,
			);
			mainGroup = 27692F0920810A3C000D7C8B;
			productRefGroup = 27692F1320810A3C000D7C8B /* Products */;
			projectDirPath = "";
			projectRoot = "";
			targets = (
				27692F1120810A3C000D7C8B /* OpenMic */,
			);
		};
/* End PBXProject section */

/* Begin PBXResourcesBuildPhase section */
		27692F1020810A3C000D7C8B /* Resources */ = {
			isa = PBXResourcesBuildPhase;
			buildActionMask = 2147483647;
			files = (
				2710074620DB0B310020E229 /* AddArtist.storyboard in Resources */,
				27263961210E0AE0002F20F0 /* ArtistAdd.xcassets in Resources */,
				27FA33B92088F97B008CC7D3 /* BaseViewAssests.xcassets in Resources */,
				27A713B4208991130095E044 /* UserTypeAssets.xcassets in Resources */,
				278E865320C878850018A945 /* GoogleService-Info.plist in Resources */,
				27203DD420CAB9AC00A39D0A /* StageNameStoryboard.storyboard in Resources */,
				271EEC53211936CE003C4E6E /* ProfileMain.xcassets in Resources */,
				27692F2E20810E95000D7C8B /* Login.storyboard in Resources */,
				27DCE5C8211296790078971F /* ProfileEdit.storyboard in Resources */,
				27692F2020810A3F000D7C8B /* LaunchScreen.storyboard in Resources */,
				27A713AD208909150095E044 /* RegisterAssets.xcassets in Resources */,
				27692F1D20810A3F000D7C8B /* Assets.xcassets in Resources */,
				271EEC5021193609003C4E6E /* ProfileMain.storyboard in Resources */,
				270D87532116986800C221C2 /* ProfileEdit.xcassets in Resources */,
				2781107F2087D75D0071A3E5 /* loginassets.xcassets in Resources */,
				274F71B0211BD1D5001839F3 /* EditProfile.storyboard in Resources */,
				2722B51E20C066EB00E90CB0 /* StaticFieldsAssets.xcassets in Resources */,
				27692F1B20810A3C000D7C8B /* Main.storyboard in Resources */,
				2797C8CC208BE30200AD93B4 /* ForgotPassword.storyboard in Resources */,
				2722B51B20C05BCA00E90CB0 /* StaticLoginFields.storyboard in Resources */,
				2777B9EC20CAF90000C98BF4 /* TutorialAssets.xcassets in Resources */,
			);
			runOnlyForDeploymentPostprocessing = 0;
		};
/* End PBXResourcesBuildPhase section */

/* Begin PBXShellScriptBuildPhase section */
		DED71934FAB8672C896D118A /* [CP] Embed Pods Frameworks */ = {
			isa = PBXShellScriptBuildPhase;
			buildActionMask = 2147483647;
			files = (
			);
			inputPaths = (
				"${SRCROOT}/Pods/Target Support Files/Pods-OpenMic/Pods-OpenMic-frameworks.sh",
				"${BUILT_PRODUCTS_DIR}/Alamofire/Alamofire.framework",
				"${BUILT_PRODUCTS_DIR}/Bolts/Bolts.framework",
				"${BUILT_PRODUCTS_DIR}/FBSDKCoreKit/FBSDKCoreKit.framework",
				"${BUILT_PRODUCTS_DIR}/FBSDKLoginKit/FBSDKLoginKit.framework",
				"${BUILT_PRODUCTS_DIR}/GTMSessionFetcher/GTMSessionFetcher.framework",
				"${BUILT_PRODUCTS_DIR}/GoogleToolboxForMac/GoogleToolboxForMac.framework",
				"${BUILT_PRODUCTS_DIR}/IQKeyboardManagerSwift/IQKeyboardManagerSwift.framework",
				"${BUILT_PRODUCTS_DIR}/Nuke/Nuke.framework",
				"${BUILT_PRODUCTS_DIR}/SDWebImage/SDWebImage.framework",
				"${BUILT_PRODUCTS_DIR}/SwiftyJSON/SwiftyJSON.framework",
				"${BUILT_PRODUCTS_DIR}/leveldb-library/leveldb.framework",
				"${BUILT_PRODUCTS_DIR}/nanopb/nanopb.framework",
			);
			name = "[CP] Embed Pods Frameworks";
			outputPaths = (
				"${TARGET_BUILD_DIR}/${FRAMEWORKS_FOLDER_PATH}/Alamofire.framework",
				"${TARGET_BUILD_DIR}/${FRAMEWORKS_FOLDER_PATH}/Bolts.framework",
				"${TARGET_BUILD_DIR}/${FRAMEWORKS_FOLDER_PATH}/FBSDKCoreKit.framework",
				"${TARGET_BUILD_DIR}/${FRAMEWORKS_FOLDER_PATH}/FBSDKLoginKit.framework",
				"${TARGET_BUILD_DIR}/${FRAMEWORKS_FOLDER_PATH}/GTMSessionFetcher.framework",
				"${TARGET_BUILD_DIR}/${FRAMEWORKS_FOLDER_PATH}/GoogleToolboxForMac.framework",
				"${TARGET_BUILD_DIR}/${FRAMEWORKS_FOLDER_PATH}/IQKeyboardManagerSwift.framework",
				"${TARGET_BUILD_DIR}/${FRAMEWORKS_FOLDER_PATH}/Nuke.framework",
				"${TARGET_BUILD_DIR}/${FRAMEWORKS_FOLDER_PATH}/SDWebImage.framework",
				"${TARGET_BUILD_DIR}/${FRAMEWORKS_FOLDER_PATH}/SwiftyJSON.framework",
				"${TARGET_BUILD_DIR}/${FRAMEWORKS_FOLDER_PATH}/leveldb.framework",
				"${TARGET_BUILD_DIR}/${FRAMEWORKS_FOLDER_PATH}/nanopb.framework",
			);
			runOnlyForDeploymentPostprocessing = 0;
			shellPath = /bin/sh;
			shellScript = "\"${SRCROOT}/Pods/Target Support Files/Pods-OpenMic/Pods-OpenMic-frameworks.sh\"\n";
			showEnvVarsInLog = 0;
		};
		EA02067B6FA79B37D75D28D2 /* [CP] Check Pods Manifest.lock */ = {
			isa = PBXShellScriptBuildPhase;
			buildActionMask = 2147483647;
			files = (
			);
			inputPaths = (
				"${PODS_PODFILE_DIR_PATH}/Podfile.lock",
				"${PODS_ROOT}/Manifest.lock",
			);
			name = "[CP] Check Pods Manifest.lock";
			outputPaths = (
				"$(DERIVED_FILE_DIR)/Pods-OpenMic-checkManifestLockResult.txt",
			);
			runOnlyForDeploymentPostprocessing = 0;
			shellPath = /bin/sh;
			shellScript = "diff \"${PODS_PODFILE_DIR_PATH}/Podfile.lock\" \"${PODS_ROOT}/Manifest.lock\" > /dev/null\nif [ $? != 0 ] ; then\n    # print error to STDERR\n    echo \"error: The sandbox is not in sync with the Podfile.lock. Run 'pod install' or update your CocoaPods installation.\" >&2\n    exit 1\nfi\n# This output is used by Xcode 'outputs' to avoid re-running this script phase.\necho \"SUCCESS\" > \"${SCRIPT_OUTPUT_FILE_0}\"\n";
			showEnvVarsInLog = 0;
		};
/* End PBXShellScriptBuildPhase section */

/* Begin PBXSourcesBuildPhase section */
		27692F0E20810A3C000D7C8B /* Sources */ = {
			isa = PBXSourcesBuildPhase;
			buildActionMask = 2147483647;
			files = (
				2777B9E820CAF8CC00C98BF4 /* TutorialStepModel.swift in Sources */,
				2710074920DB2C4C0020E229 /* AddArtistsViewController.swift in Sources */,
				27A713B8208A27CE0095E044 /* UserTypeSelectViewController.swift in Sources */,
				27AF83612117B34500FCC35C /* OvalRedBorderButton.swift in Sources */,
				2797C8D0208BE33200AD93B4 /* ForgotPasswordViewController.swift in Sources */,
				27203DD820CAB9F900A39D0A /* StageNameViewController.swift in Sources */,
				2777B9E420CAF8B400C98BF4 /* TutorialStepViewController.swift in Sources */,
				27A713B62089928B0095E044 /* BaseViewWithChair.swift in Sources */,
				27BA62DF20C1EC9F00A8C4DE /* GenderSelectPicker.swift in Sources */,
				2777B9E520CAF8B400C98BF4 /* TutorialViewController.swift in Sources */,
				27EF93E0211A842E008B5E51 /* ProfileMainTabBar.swift in Sources */,
				27B2C5B6208697F90063AB75 /* AlertViews .swift in Sources */,
				278C625D20BF46BF00823D9B /* LoginSelectViewController.swift in Sources */,
				2742AD8C20E566B400633CF1 /* AddArtistTableViewCell.swift in Sources */,
				276622562120A5B60058E3B3 /* EditProfileDelegate.swift in Sources */,
				2710074120DAD3CA0020E229 /* CustomNavigationController.swift in Sources */,
				27C6A6C0208E798C00269280 /* CheckUserStatusProtocol.swift in Sources */,
				2741B01B208C11250012B322 /* SendHelpEmail.swift in Sources */,
				2790D38420C9850B00665484 /* StaticLonginSignUpExtension.swift in Sources */,
				2754ED2F20E552A7006CD3F9 /* AddArtistModel.swift in Sources */,
				2797C8D2208BE90B00AD93B4 /* PasswordResetProtocol.swift in Sources */,
				27AB243420E834400080A2AC /* CheckUserNameAvaiableProtocol.swift in Sources */,
				27D83E2420F550FB00C400AA /* FollowUserProtocol.swift in Sources */,
				2790D38220C9814A00665484 /* DateFormatExtensions.swift in Sources */,
				278C625F20BF474900823D9B /* UiviewControllerExtension.swift in Sources */,
				271D3C59208A679F008AA3E2 /* GenreRead.swift in Sources */,
				27635A3F2117CE0600EE5C64 /* ProfileEditGradientView.swift in Sources */,
				279D7CB42093AFDF00208CE8 /* FacebookRegisterandLogin.swift in Sources */,
				27692F1820810A3C000D7C8B /* ViewController.swift in Sources */,
				270D874A2116948700C221C2 /* ProfileEditCollectionReusableView.swift in Sources */,
				27BAD98A211F6761004F589F /* EditProfileTableViewController.swift in Sources */,
				2777B9E920CAF8CC00C98BF4 /* TutorialStepProtocol.swift in Sources */,
				278110882087E7A60071A3E5 /* UitextFieldWithWhitePlaceHolder.swift in Sources */,
				2734C91F208594A200123924 /* FireBasePaths.swift in Sources */,
				278110862087E0800071A3E5 /* ViewWithBottomLayer.swift in Sources */,
				270D8751211695F000C221C2 /* ProfileEditCollectionViewModel.swift in Sources */,
				27C6A6BC208E6D3400269280 /* LoginUserProtocol.swift in Sources */,
				278110822087D9140071A3E5 /* BaseViewController.swift in Sources */,
				270D874D211694BF00C221C2 /* ProfileEditViewController.swift in Sources */,
				271EEC4E2119326D003C4E6E /* SegmentControllerExtension.swift in Sources */,
				27B2C5BA208698B10063AB75 /* CreateNewUserProtocol.swift in Sources */,
				2734C92320859D1300123924 /* FieldCheckProtocol.swift in Sources */,
				27F99B5620EBBCCF0093B500 /* CreateNewUserApiProtocol.swift in Sources */,
				27BA62DD20C1CE6B00A8C4DE /* StaticLoginControllerTableView.swift in Sources */,
				27AD43A920BF445C00A2F11E /* BaseViewHiddenNav.swift in Sources */,
				2797C8C8208B970800AD93B4 /* RedWriteRules.swift in Sources */,
				277318CE2087A0C200C30C05 /* ApiReadWrite.swift in Sources */,
				2729C0BA2097C059007F86C1 /* UserReadWrite.swift in Sources */,
				271D3C57208A5E08008AA3E2 /* PickerSelect.swift in Sources */,
				27692F1620810A3C000D7C8B /* AppDelegate.swift in Sources */,
				270D875521171E9300C221C2 /* ProfileEditCollectionViewCell.swift in Sources */,
				278110842087DD240071A3E5 /* UIViewExtensions.swift in Sources */,
			);
			runOnlyForDeploymentPostprocessing = 0;
		};
/* End PBXSourcesBuildPhase section */

/* Begin PBXVariantGroup section */
		27692F1920810A3C000D7C8B /* Main.storyboard */ = {
			isa = PBXVariantGroup;
			children = (
				27692F1A20810A3C000D7C8B /* Base */,
			);
			name = Main.storyboard;
			sourceTree = "<group>";
		};
		27692F1E20810A3F000D7C8B /* LaunchScreen.storyboard */ = {
			isa = PBXVariantGroup;
			children = (
				27692F1F20810A3F000D7C8B /* Base */,
			);
			name = LaunchScreen.storyboard;
			sourceTree = "<group>";
		};
/* End PBXVariantGroup section */

/* Begin XCBuildConfiguration section */
		27692F2220810A3F000D7C8B /* Debug */ = {
			isa = XCBuildConfiguration;
			buildSettings = {
				ALWAYS_SEARCH_USER_PATHS = NO;
				CLANG_ANALYZER_NONNULL = YES;
				CLANG_ANALYZER_NUMBER_OBJECT_CONVERSION = YES_AGGRESSIVE;
				CLANG_CXX_LANGUAGE_STANDARD = "gnu++14";
				CLANG_CXX_LIBRARY = "libc++";
				CLANG_ENABLE_MODULES = YES;
				CLANG_ENABLE_OBJC_ARC = YES;
				CLANG_ENABLE_OBJC_WEAK = YES;
				CLANG_WARN_BLOCK_CAPTURE_AUTORELEASING = YES;
				CLANG_WARN_BOOL_CONVERSION = YES;
				CLANG_WARN_COMMA = YES;
				CLANG_WARN_CONSTANT_CONVERSION = YES;
				CLANG_WARN_DEPRECATED_OBJC_IMPLEMENTATIONS = YES;
				CLANG_WARN_DIRECT_OBJC_ISA_USAGE = YES_ERROR;
				CLANG_WARN_DOCUMENTATION_COMMENTS = YES;
				CLANG_WARN_EMPTY_BODY = YES;
				CLANG_WARN_ENUM_CONVERSION = YES;
				CLANG_WARN_INFINITE_RECURSION = YES;
				CLANG_WARN_INT_CONVERSION = YES;
				CLANG_WARN_NON_LITERAL_NULL_CONVERSION = YES;
				CLANG_WARN_OBJC_IMPLICIT_RETAIN_SELF = YES;
				CLANG_WARN_OBJC_LITERAL_CONVERSION = YES;
				CLANG_WARN_OBJC_ROOT_CLASS = YES_ERROR;
				CLANG_WARN_RANGE_LOOP_ANALYSIS = YES;
				CLANG_WARN_STRICT_PROTOTYPES = YES;
				CLANG_WARN_SUSPICIOUS_MOVE = YES;
				CLANG_WARN_UNGUARDED_AVAILABILITY = YES_AGGRESSIVE;
				CLANG_WARN_UNREACHABLE_CODE = YES;
				CLANG_WARN__DUPLICATE_METHOD_MATCH = YES;
				CODE_SIGN_IDENTITY = "iPhone Developer";
				COPY_PHASE_STRIP = NO;
				DEBUG_INFORMATION_FORMAT = dwarf;
				ENABLE_STRICT_OBJC_MSGSEND = YES;
				ENABLE_TESTABILITY = YES;
				GCC_C_LANGUAGE_STANDARD = gnu11;
				GCC_DYNAMIC_NO_PIC = NO;
				GCC_NO_COMMON_BLOCKS = YES;
				GCC_OPTIMIZATION_LEVEL = 0;
				GCC_PREPROCESSOR_DEFINITIONS = (
					"DEBUG=1",
					"$(inherited)",
				);
				GCC_WARN_64_TO_32_BIT_CONVERSION = YES;
				GCC_WARN_ABOUT_RETURN_TYPE = YES_ERROR;
				GCC_WARN_UNDECLARED_SELECTOR = YES;
				GCC_WARN_UNINITIALIZED_AUTOS = YES_AGGRESSIVE;
				GCC_WARN_UNUSED_FUNCTION = YES;
				GCC_WARN_UNUSED_VARIABLE = YES;
				IPHONEOS_DEPLOYMENT_TARGET = 11.3;
				MTL_ENABLE_DEBUG_INFO = YES;
				ONLY_ACTIVE_ARCH = YES;
				SDKROOT = iphoneos;
				SWIFT_ACTIVE_COMPILATION_CONDITIONS = DEBUG;
				SWIFT_OPTIMIZATION_LEVEL = "-Onone";
			};
			name = Debug;
		};
		27692F2320810A3F000D7C8B /* Release */ = {
			isa = XCBuildConfiguration;
			buildSettings = {
				ALWAYS_SEARCH_USER_PATHS = NO;
				CLANG_ANALYZER_NONNULL = YES;
				CLANG_ANALYZER_NUMBER_OBJECT_CONVERSION = YES_AGGRESSIVE;
				CLANG_CXX_LANGUAGE_STANDARD = "gnu++14";
				CLANG_CXX_LIBRARY = "libc++";
				CLANG_ENABLE_MODULES = YES;
				CLANG_ENABLE_OBJC_ARC = YES;
				CLANG_ENABLE_OBJC_WEAK = YES;
				CLANG_WARN_BLOCK_CAPTURE_AUTORELEASING = YES;
				CLANG_WARN_BOOL_CONVERSION = YES;
				CLANG_WARN_COMMA = YES;
				CLANG_WARN_CONSTANT_CONVERSION = YES;
				CLANG_WARN_DEPRECATED_OBJC_IMPLEMENTATIONS = YES;
				CLANG_WARN_DIRECT_OBJC_ISA_USAGE = YES_ERROR;
				CLANG_WARN_DOCUMENTATION_COMMENTS = YES;
				CLANG_WARN_EMPTY_BODY = YES;
				CLANG_WARN_ENUM_CONVERSION = YES;
				CLANG_WARN_INFINITE_RECURSION = YES;
				CLANG_WARN_INT_CONVERSION = YES;
				CLANG_WARN_NON_LITERAL_NULL_CONVERSION = YES;
				CLANG_WARN_OBJC_IMPLICIT_RETAIN_SELF = YES;
				CLANG_WARN_OBJC_LITERAL_CONVERSION = YES;
				CLANG_WARN_OBJC_ROOT_CLASS = YES_ERROR;
				CLANG_WARN_RANGE_LOOP_ANALYSIS = YES;
				CLANG_WARN_STRICT_PROTOTYPES = YES;
				CLANG_WARN_SUSPICIOUS_MOVE = YES;
				CLANG_WARN_UNGUARDED_AVAILABILITY = YES_AGGRESSIVE;
				CLANG_WARN_UNREACHABLE_CODE = YES;
				CLANG_WARN__DUPLICATE_METHOD_MATCH = YES;
				CODE_SIGN_IDENTITY = "iPhone Developer";
				COPY_PHASE_STRIP = NO;
				DEBUG_INFORMATION_FORMAT = "dwarf-with-dsym";
				ENABLE_NS_ASSERTIONS = NO;
				ENABLE_STRICT_OBJC_MSGSEND = YES;
				GCC_C_LANGUAGE_STANDARD = gnu11;
				GCC_NO_COMMON_BLOCKS = YES;
				GCC_WARN_64_TO_32_BIT_CONVERSION = YES;
				GCC_WARN_ABOUT_RETURN_TYPE = YES_ERROR;
				GCC_WARN_UNDECLARED_SELECTOR = YES;
				GCC_WARN_UNINITIALIZED_AUTOS = YES_AGGRESSIVE;
				GCC_WARN_UNUSED_FUNCTION = YES;
				GCC_WARN_UNUSED_VARIABLE = YES;
				IPHONEOS_DEPLOYMENT_TARGET = 11.3;
				MTL_ENABLE_DEBUG_INFO = NO;
				SDKROOT = iphoneos;
				SWIFT_COMPILATION_MODE = wholemodule;
				SWIFT_OPTIMIZATION_LEVEL = "-O";
				VALIDATE_PRODUCT = YES;
			};
			name = Release;
		};
		27692F2520810A3F000D7C8B /* Debug */ = {
			isa = XCBuildConfiguration;
			baseConfigurationReference = 55E902C8AF13CB2D12DDA393 /* Pods-OpenMic.debug.xcconfig */;
			buildSettings = {
				ASSETCATALOG_COMPILER_APPICON_NAME = AppIcon;
				CODE_SIGN_STYLE = Automatic;
				DEVELOPMENT_TEAM = VYY9QXTLKY;
				INFOPLIST_FILE = OpenMic/Info.plist;
				LD_RUNPATH_SEARCH_PATHS = (
					"$(inherited)",
					"@executable_path/Frameworks",
				);
				PRODUCT_BUNDLE_IDENTIFIER = com.theopenmicapp.openmic;
				PRODUCT_NAME = "$(TARGET_NAME)";
				SWIFT_VERSION = 4.0;
				TARGETED_DEVICE_FAMILY = 1;
			};
			name = Debug;
		};
		27692F2620810A3F000D7C8B /* Release */ = {
			isa = XCBuildConfiguration;
			baseConfigurationReference = 167B2DC51F690E9D6A080700 /* Pods-OpenMic.release.xcconfig */;
			buildSettings = {
				ASSETCATALOG_COMPILER_APPICON_NAME = AppIcon;
				CODE_SIGN_STYLE = Automatic;
				DEVELOPMENT_TEAM = VYY9QXTLKY;
				INFOPLIST_FILE = OpenMic/Info.plist;
				LD_RUNPATH_SEARCH_PATHS = (
					"$(inherited)",
					"@executable_path/Frameworks",
				);
				PRODUCT_BUNDLE_IDENTIFIER = com.theopenmicapp.openmic;
				PRODUCT_NAME = "$(TARGET_NAME)";
				SWIFT_VERSION = 4.0;
				TARGETED_DEVICE_FAMILY = 1;
			};
			name = Release;
		};
/* End XCBuildConfiguration section */

/* Begin XCConfigurationList section */
		27692F0D20810A3C000D7C8B /* Build configuration list for PBXProject "OpenMic" */ = {
			isa = XCConfigurationList;
			buildConfigurations = (
				27692F2220810A3F000D7C8B /* Debug */,
				27692F2320810A3F000D7C8B /* Release */,
			);
			defaultConfigurationIsVisible = 0;
			defaultConfigurationName = Release;
		};
		27692F2420810A3F000D7C8B /* Build configuration list for PBXNativeTarget "OpenMic" */ = {
			isa = XCConfigurationList;
			buildConfigurations = (
				27692F2520810A3F000D7C8B /* Debug */,
				27692F2620810A3F000D7C8B /* Release */,
			);
			defaultConfigurationIsVisible = 0;
			defaultConfigurationName = Release;
		};
/* End XCConfigurationList section */
	};
	rootObject = 27692F0A20810A3C000D7C8B /* Project object */;
}
