// !$*UTF8*$!
{
	archiveVersion = 1;
	classes = {
	};
	objectVersion = 50;
	objects = {

/* Begin PBXBuildFile section */
		271D3C57208A5E08008AA3E2 /* PickerSelect.swift in Sources */ = {isa = PBXBuildFile; fileRef = 271D3C56208A5E08008AA3E2 /* PickerSelect.swift */; };
		271D3C59208A679F008AA3E2 /* GenreRead.swift in Sources */ = {isa = PBXBuildFile; fileRef = 271D3C58208A679F008AA3E2 /* GenreRead.swift */; };
		271D3C5C208AAB25008AA3E2 /* FavGenres.storyboard in Resources */ = {isa = PBXBuildFile; fileRef = 271D3C5B208AAB25008AA3E2 /* FavGenres.storyboard */; };
		271D3C60208AACDC008AA3E2 /* FavGenreViewController.swift in Sources */ = {isa = PBXBuildFile; fileRef = 271D3C5F208AACDC008AA3E2 /* FavGenreViewController.swift */; };
		271D3C62208AAE03008AA3E2 /* FavGenreAssets.xcassets in Resources */ = {isa = PBXBuildFile; fileRef = 271D3C61208AAE03008AA3E2 /* FavGenreAssets.xcassets */; };
		271D3C64208AB1D5008AA3E2 /* FavGenreCollectionViewCell.swift in Sources */ = {isa = PBXBuildFile; fileRef = 271D3C63208AB1D5008AA3E2 /* FavGenreCollectionViewCell.swift */; };
		271D3C67208AB2CB008AA3E2 /* FaveGenreModel.swift in Sources */ = {isa = PBXBuildFile; fileRef = 271D3C66208AB2CB008AA3E2 /* FaveGenreModel.swift */; };
		2734C91F208594A200123924 /* FireBasePaths.swift in Sources */ = {isa = PBXBuildFile; fileRef = 2734C91E208594A200123924 /* FireBasePaths.swift */; };
		2734C9212085988600123924 /* SignupViewController.swift in Sources */ = {isa = PBXBuildFile; fileRef = 2734C9202085988600123924 /* SignupViewController.swift */; };
		2734C92320859D1300123924 /* FieldCheckProtocol.swift in Sources */ = {isa = PBXBuildFile; fileRef = 2734C92220859D1300123924 /* FieldCheckProtocol.swift */; };
		2741B01B208C11250012B322 /* SendHelpEmail.swift in Sources */ = {isa = PBXBuildFile; fileRef = 2741B01A208C11240012B322 /* SendHelpEmail.swift */; };
		27692F1620810A3C000D7C8B /* AppDelegate.swift in Sources */ = {isa = PBXBuildFile; fileRef = 27692F1520810A3C000D7C8B /* AppDelegate.swift */; };
		27692F1820810A3C000D7C8B /* ViewController.swift in Sources */ = {isa = PBXBuildFile; fileRef = 27692F1720810A3C000D7C8B /* ViewController.swift */; };
		27692F1B20810A3C000D7C8B /* Main.storyboard in Resources */ = {isa = PBXBuildFile; fileRef = 27692F1920810A3C000D7C8B /* Main.storyboard */; };
		27692F1D20810A3F000D7C8B /* Assets.xcassets in Resources */ = {isa = PBXBuildFile; fileRef = 27692F1C20810A3F000D7C8B /* Assets.xcassets */; };
		27692F2020810A3F000D7C8B /* LaunchScreen.storyboard in Resources */ = {isa = PBXBuildFile; fileRef = 27692F1E20810A3F000D7C8B /* LaunchScreen.storyboard */; };
		27692F2E20810E95000D7C8B /* Login.storyboard in Resources */ = {isa = PBXBuildFile; fileRef = 27692F2D20810E95000D7C8B /* Login.storyboard */; };
		27692F30208110B3000D7C8B /* GoogleService-Info.plist in Resources */ = {isa = PBXBuildFile; fileRef = 27692F2F208110B3000D7C8B /* GoogleService-Info.plist */; };
		277318CE2087A0C200C30C05 /* ApiReadWrite.swift in Sources */ = {isa = PBXBuildFile; fileRef = 277318CD2087A0C200C30C05 /* ApiReadWrite.swift */; };
		2781107D2087D5EE0071A3E5 /* LoginViewController.swift in Sources */ = {isa = PBXBuildFile; fileRef = 2781107C2087D5EE0071A3E5 /* LoginViewController.swift */; };
		2781107F2087D75D0071A3E5 /* loginassets.xcassets in Resources */ = {isa = PBXBuildFile; fileRef = 2781107E2087D75D0071A3E5 /* loginassets.xcassets */; };
		278110822087D9140071A3E5 /* BaseViewController.swift in Sources */ = {isa = PBXBuildFile; fileRef = 278110812087D9140071A3E5 /* BaseViewController.swift */; };
		278110842087DD240071A3E5 /* UIViewExtensions.swift in Sources */ = {isa = PBXBuildFile; fileRef = 278110832087DD240071A3E5 /* UIViewExtensions.swift */; };
		278110862087E0800071A3E5 /* ViewWithBottomLayer.swift in Sources */ = {isa = PBXBuildFile; fileRef = 278110852087E0800071A3E5 /* ViewWithBottomLayer.swift */; };
		278110882087E7A60071A3E5 /* UitextFieldWithWhitePlaceHolder.swift in Sources */ = {isa = PBXBuildFile; fileRef = 278110872087E7A60071A3E5 /* UitextFieldWithWhitePlaceHolder.swift */; };
		2797C8C8208B970800AD93B4 /* RedWriteRules.swift in Sources */ = {isa = PBXBuildFile; fileRef = 2797C8C7208B970800AD93B4 /* RedWriteRules.swift */; };
		2797C8CC208BE30200AD93B4 /* ForgotPassword.storyboard in Resources */ = {isa = PBXBuildFile; fileRef = 2797C8CB208BE30200AD93B4 /* ForgotPassword.storyboard */; };
		2797C8D0208BE33200AD93B4 /* ForgotPasswordViewController.swift in Sources */ = {isa = PBXBuildFile; fileRef = 2797C8CF208BE33200AD93B4 /* ForgotPasswordViewController.swift */; };
		2797C8D2208BE90B00AD93B4 /* PasswordResetProtocol.swift in Sources */ = {isa = PBXBuildFile; fileRef = 2797C8D1208BE90B00AD93B4 /* PasswordResetProtocol.swift */; };
		27A713AD208909150095E044 /* RegisterAssets.xcassets in Resources */ = {isa = PBXBuildFile; fileRef = 27A713AC208909150095E044 /* RegisterAssets.xcassets */; };
		27A713B0208944F10095E044 /* ChooseUserType.storyboard in Resources */ = {isa = PBXBuildFile; fileRef = 27A713AF208944F10095E044 /* ChooseUserType.storyboard */; };
		27A713B4208991130095E044 /* UserTypeAssets.xcassets in Resources */ = {isa = PBXBuildFile; fileRef = 27A713B3208991130095E044 /* UserTypeAssets.xcassets */; };
		27A713B62089928B0095E044 /* BaseViewWithChair.swift in Sources */ = {isa = PBXBuildFile; fileRef = 27A713B52089928B0095E044 /* BaseViewWithChair.swift */; };
		27A713B8208A27CE0095E044 /* UserTypeSelectViewController.swift in Sources */ = {isa = PBXBuildFile; fileRef = 27A713B7208A27CE0095E044 /* UserTypeSelectViewController.swift */; };
		27B2C5B6208697F90063AB75 /* AlertViews .swift in Sources */ = {isa = PBXBuildFile; fileRef = 27B2C5B5208697F90063AB75 /* AlertViews .swift */; };
		27B2C5BA208698B10063AB75 /* CreateNewUserProtocol.swift in Sources */ = {isa = PBXBuildFile; fileRef = 27B2C5B9208698B10063AB75 /* CreateNewUserProtocol.swift */; };
		27C6A6BC208E6D3400269280 /* LoginUserProtocol.swift in Sources */ = {isa = PBXBuildFile; fileRef = 27C6A6BB208E6D3400269280 /* LoginUserProtocol.swift */; };
		27FA33B92088F97B008CC7D3 /* BaseViewAssests.xcassets in Resources */ = {isa = PBXBuildFile; fileRef = 27FA33B82088F97B008CC7D3 /* BaseViewAssests.xcassets */; };
		E8E206C2CC07A458A1D0226D /* Pods_OpenMic.framework in Frameworks */ = {isa = PBXBuildFile; fileRef = 3E66F789B4826E502466151A /* Pods_OpenMic.framework */; };
/* End PBXBuildFile section */

/* Begin PBXFileReference section */
		167B2DC51F690E9D6A080700 /* Pods-OpenMic.release.xcconfig */ = {isa = PBXFileReference; includeInIndex = 1; lastKnownFileType = text.xcconfig; name = "Pods-OpenMic.release.xcconfig"; path = "Pods/Target Support Files/Pods-OpenMic/Pods-OpenMic.release.xcconfig"; sourceTree = "<group>"; };
		271D3C56208A5E08008AA3E2 /* PickerSelect.swift */ = {isa = PBXFileReference; lastKnownFileType = sourcecode.swift; path = PickerSelect.swift; sourceTree = "<group>"; };
		271D3C58208A679F008AA3E2 /* GenreRead.swift */ = {isa = PBXFileReference; lastKnownFileType = sourcecode.swift; path = GenreRead.swift; sourceTree = "<group>"; };
		271D3C5B208AAB25008AA3E2 /* FavGenres.storyboard */ = {isa = PBXFileReference; lastKnownFileType = file.storyboard; path = FavGenres.storyboard; sourceTree = "<group>"; };
		271D3C5F208AACDC008AA3E2 /* FavGenreViewController.swift */ = {isa = PBXFileReference; lastKnownFileType = sourcecode.swift; path = FavGenreViewController.swift; sourceTree = "<group>"; };
		271D3C61208AAE03008AA3E2 /* FavGenreAssets.xcassets */ = {isa = PBXFileReference; lastKnownFileType = folder.assetcatalog; path = FavGenreAssets.xcassets; sourceTree = "<group>"; };
		271D3C63208AB1D5008AA3E2 /* FavGenreCollectionViewCell.swift */ = {isa = PBXFileReference; lastKnownFileType = sourcecode.swift; path = FavGenreCollectionViewCell.swift; sourceTree = "<group>"; };
		271D3C66208AB2CB008AA3E2 /* FaveGenreModel.swift */ = {isa = PBXFileReference; lastKnownFileType = sourcecode.swift; path = FaveGenreModel.swift; sourceTree = "<group>"; };
		2734C91E208594A200123924 /* FireBasePaths.swift */ = {isa = PBXFileReference; lastKnownFileType = sourcecode.swift; path = FireBasePaths.swift; sourceTree = "<group>"; };
		2734C9202085988600123924 /* SignupViewController.swift */ = {isa = PBXFileReference; lastKnownFileType = sourcecode.swift; path = SignupViewController.swift; sourceTree = "<group>"; };
		2734C92220859D1300123924 /* FieldCheckProtocol.swift */ = {isa = PBXFileReference; lastKnownFileType = sourcecode.swift; path = FieldCheckProtocol.swift; sourceTree = "<group>"; };
		2741B01A208C11240012B322 /* SendHelpEmail.swift */ = {isa = PBXFileReference; lastKnownFileType = sourcecode.swift; path = SendHelpEmail.swift; sourceTree = "<group>"; };
		27692F1220810A3C000D7C8B /* OpenMic.app */ = {isa = PBXFileReference; explicitFileType = wrapper.application; includeInIndex = 0; path = OpenMic.app; sourceTree = BUILT_PRODUCTS_DIR; };
		27692F1520810A3C000D7C8B /* AppDelegate.swift */ = {isa = PBXFileReference; lastKnownFileType = sourcecode.swift; path = AppDelegate.swift; sourceTree = "<group>"; };
		27692F1720810A3C000D7C8B /* ViewController.swift */ = {isa = PBXFileReference; lastKnownFileType = sourcecode.swift; path = ViewController.swift; sourceTree = "<group>"; };
		27692F1A20810A3C000D7C8B /* Base */ = {isa = PBXFileReference; lastKnownFileType = file.storyboard; name = Base; path = Base.lproj/Main.storyboard; sourceTree = "<group>"; };
		27692F1C20810A3F000D7C8B /* Assets.xcassets */ = {isa = PBXFileReference; lastKnownFileType = folder.assetcatalog; path = Assets.xcassets; sourceTree = "<group>"; };
		27692F1F20810A3F000D7C8B /* Base */ = {isa = PBXFileReference; lastKnownFileType = file.storyboard; name = Base; path = Base.lproj/LaunchScreen.storyboard; sourceTree = "<group>"; };
		27692F2120810A3F000D7C8B /* Info.plist */ = {isa = PBXFileReference; lastKnownFileType = text.plist.xml; path = Info.plist; sourceTree = "<group>"; };
		27692F2D20810E95000D7C8B /* Login.storyboard */ = {isa = PBXFileReference; lastKnownFileType = file.storyboard; path = Login.storyboard; sourceTree = "<group>"; };
		27692F2F208110B3000D7C8B /* GoogleService-Info.plist */ = {isa = PBXFileReference; fileEncoding = 4; lastKnownFileType = text.plist.xml; path = "GoogleService-Info.plist"; sourceTree = "<group>"; };
		277318CD2087A0C200C30C05 /* ApiReadWrite.swift */ = {isa = PBXFileReference; lastKnownFileType = sourcecode.swift; path = ApiReadWrite.swift; sourceTree = "<group>"; };
		2781107C2087D5EE0071A3E5 /* LoginViewController.swift */ = {isa = PBXFileReference; lastKnownFileType = sourcecode.swift; path = LoginViewController.swift; sourceTree = "<group>"; };
		2781107E2087D75D0071A3E5 /* loginassets.xcassets */ = {isa = PBXFileReference; lastKnownFileType = folder.assetcatalog; path = loginassets.xcassets; sourceTree = "<group>"; };
		278110812087D9140071A3E5 /* BaseViewController.swift */ = {isa = PBXFileReference; lastKnownFileType = sourcecode.swift; path = BaseViewController.swift; sourceTree = "<group>"; };
		278110832087DD240071A3E5 /* UIViewExtensions.swift */ = {isa = PBXFileReference; lastKnownFileType = sourcecode.swift; path = UIViewExtensions.swift; sourceTree = "<group>"; };
		278110852087E0800071A3E5 /* ViewWithBottomLayer.swift */ = {isa = PBXFileReference; lastKnownFileType = sourcecode.swift; path = ViewWithBottomLayer.swift; sourceTree = "<group>"; };
		278110872087E7A60071A3E5 /* UitextFieldWithWhitePlaceHolder.swift */ = {isa = PBXFileReference; lastKnownFileType = sourcecode.swift; path = UitextFieldWithWhitePlaceHolder.swift; sourceTree = "<group>"; };
		2797C8C7208B970800AD93B4 /* RedWriteRules.swift */ = {isa = PBXFileReference; lastKnownFileType = sourcecode.swift; path = RedWriteRules.swift; sourceTree = "<group>"; };
		2797C8CB208BE30200AD93B4 /* ForgotPassword.storyboard */ = {isa = PBXFileReference; lastKnownFileType = file.storyboard; path = ForgotPassword.storyboard; sourceTree = "<group>"; };
		2797C8CF208BE33200AD93B4 /* ForgotPasswordViewController.swift */ = {isa = PBXFileReference; lastKnownFileType = sourcecode.swift; path = ForgotPasswordViewController.swift; sourceTree = "<group>"; };
		2797C8D1208BE90B00AD93B4 /* PasswordResetProtocol.swift */ = {isa = PBXFileReference; lastKnownFileType = sourcecode.swift; path = PasswordResetProtocol.swift; sourceTree = "<group>"; };
		27A713AC208909150095E044 /* RegisterAssets.xcassets */ = {isa = PBXFileReference; lastKnownFileType = folder.assetcatalog; path = RegisterAssets.xcassets; sourceTree = "<group>"; };
		27A713AF208944F10095E044 /* ChooseUserType.storyboard */ = {isa = PBXFileReference; lastKnownFileType = file.storyboard; path = ChooseUserType.storyboard; sourceTree = "<group>"; };
		27A713B3208991130095E044 /* UserTypeAssets.xcassets */ = {isa = PBXFileReference; lastKnownFileType = folder.assetcatalog; path = UserTypeAssets.xcassets; sourceTree = "<group>"; };
		27A713B52089928B0095E044 /* BaseViewWithChair.swift */ = {isa = PBXFileReference; lastKnownFileType = sourcecode.swift; path = BaseViewWithChair.swift; sourceTree = "<group>"; };
		27A713B7208A27CE0095E044 /* UserTypeSelectViewController.swift */ = {isa = PBXFileReference; lastKnownFileType = sourcecode.swift; path = UserTypeSelectViewController.swift; sourceTree = "<group>"; };
		27B2C5B5208697F90063AB75 /* AlertViews .swift */ = {isa = PBXFileReference; lastKnownFileType = sourcecode.swift; path = "AlertViews .swift"; sourceTree = "<group>"; };
		27B2C5B9208698B10063AB75 /* CreateNewUserProtocol.swift */ = {isa = PBXFileReference; lastKnownFileType = sourcecode.swift; path = CreateNewUserProtocol.swift; sourceTree = "<group>"; };
		27C6A6BB208E6D3400269280 /* LoginUserProtocol.swift */ = {isa = PBXFileReference; lastKnownFileType = sourcecode.swift; path = LoginUserProtocol.swift; sourceTree = "<group>"; };
		27FA33B82088F97B008CC7D3 /* BaseViewAssests.xcassets */ = {isa = PBXFileReference; lastKnownFileType = folder.assetcatalog; path = BaseViewAssests.xcassets; sourceTree = "<group>"; };
		3E66F789B4826E502466151A /* Pods_OpenMic.framework */ = {isa = PBXFileReference; explicitFileType = wrapper.framework; includeInIndex = 0; path = Pods_OpenMic.framework; sourceTree = BUILT_PRODUCTS_DIR; };
		55E902C8AF13CB2D12DDA393 /* Pods-OpenMic.debug.xcconfig */ = {isa = PBXFileReference; includeInIndex = 1; lastKnownFileType = text.xcconfig; name = "Pods-OpenMic.debug.xcconfig"; path = "Pods/Target Support Files/Pods-OpenMic/Pods-OpenMic.debug.xcconfig"; sourceTree = "<group>"; };
/* End PBXFileReference section */

/* Begin PBXFrameworksBuildPhase section */
		27692F0F20810A3C000D7C8B /* Frameworks */ = {
			isa = PBXFrameworksBuildPhase;
			buildActionMask = 2147483647;
			files = (
				E8E206C2CC07A458A1D0226D /* Pods_OpenMic.framework in Frameworks */,
			);
			runOnlyForDeploymentPostprocessing = 0;
		};
/* End PBXFrameworksBuildPhase section */

/* Begin PBXGroup section */
		271D3C55208A5DEE008AA3E2 /* Model */ = {
			isa = PBXGroup;
			children = (
				271D3C56208A5E08008AA3E2 /* PickerSelect.swift */,
			);
			path = Model;
			sourceTree = "<group>";
		};
		271D3C5A208AAAF3008AA3E2 /* PickGenres */ = {
			isa = PBXGroup;
			children = (
				271D3C65208AB2AE008AA3E2 /* Model */,
				271D3C5E208AACC3008AA3E2 /* View */,
				271D3C5D208AACBD008AA3E2 /* Model */,
			);
			path = PickGenres;
			sourceTree = "<group>";
		};
		271D3C5D208AACBD008AA3E2 /* Model */ = {
			isa = PBXGroup;
			children = (
				271D3C5B208AAB25008AA3E2 /* FavGenres.storyboard */,
				271D3C61208AAE03008AA3E2 /* FavGenreAssets.xcassets */,
			);
			path = Model;
			sourceTree = "<group>";
		};
		271D3C5E208AACC3008AA3E2 /* View */ = {
			isa = PBXGroup;
			children = (
				271D3C5F208AACDC008AA3E2 /* FavGenreViewController.swift */,
				271D3C63208AB1D5008AA3E2 /* FavGenreCollectionViewCell.swift */,
			);
			path = View;
			sourceTree = "<group>";
		};
		271D3C65208AB2AE008AA3E2 /* Model */ = {
			isa = PBXGroup;
			children = (
				271D3C66208AB2CB008AA3E2 /* FaveGenreModel.swift */,
			);
			name = Model;
			path = "New Group";
			sourceTree = "<group>";
		};
		2734C91D2085948600123924 /* Firebase Read Write  */ = {
			isa = PBXGroup;
			children = (
				2734C91E208594A200123924 /* FireBasePaths.swift */,
				27B2C5B9208698B10063AB75 /* CreateNewUserProtocol.swift */,
				271D3C58208A679F008AA3E2 /* GenreRead.swift */,
				27C6A6BB208E6D3400269280 /* LoginUserProtocol.swift */,
			);
			path = "Firebase Read Write ";
			sourceTree = "<group>";
		};
		27692F0920810A3C000D7C8B = {
			isa = PBXGroup;
			children = (
				27692F1420810A3C000D7C8B /* OpenMic */,
				27692F1320810A3C000D7C8B /* Products */,
				36C4D7CBCEFFE21E54923AD7 /* Pods */,
				6037CC8D3B14621B22AFEF3B /* Frameworks */,
			);
			sourceTree = "<group>";
		};
		27692F1320810A3C000D7C8B /* Products */ = {
			isa = PBXGroup;
			children = (
				27692F1220810A3C000D7C8B /* OpenMic.app */,
			);
			name = Products;
			sourceTree = "<group>";
		};
		27692F1420810A3C000D7C8B /* OpenMic */ = {
			isa = PBXGroup;
			children = (
				278110802087D8590071A3E5 /* BaseViews */,
				27B2C5BB2086C06D0063AB75 /* API Read Write  */,
				27B2C5B4208697E40063AB75 /* AlertViews */,
				2734C91D2085948600123924 /* Firebase Read Write  */,
				27692F2720810A5F000D7C8B /* Login and register */,
				2797C8C9208BE29D00AD93B4 /* ForgotPassword */,
				27A713AE208937850095E044 /* UserType */,
				271D3C5A208AAAF3008AA3E2 /* PickGenres */,
				27692F1520810A3C000D7C8B /* AppDelegate.swift */,
				27692F1720810A3C000D7C8B /* ViewController.swift */,
				27692F1920810A3C000D7C8B /* Main.storyboard */,
				27692F1C20810A3F000D7C8B /* Assets.xcassets */,
				27692F1E20810A3F000D7C8B /* LaunchScreen.storyboard */,
				27692F2120810A3F000D7C8B /* Info.plist */,
				27692F2F208110B3000D7C8B /* GoogleService-Info.plist */,
				2797C8C7208B970800AD93B4 /* RedWriteRules.swift */,
			);
			path = OpenMic;
			sourceTree = "<group>";
		};
		27692F2720810A5F000D7C8B /* Login and register */ = {
			isa = PBXGroup;
			children = (
				27692F2820810A67000D7C8B /* Model */,
				27692F2920810A73000D7C8B /* View */,
				27692F2A20810A78000D7C8B /* Controller */,
			);
			path = "Login and register";
			sourceTree = "<group>";
		};
		27692F2820810A67000D7C8B /* Model */ = {
			isa = PBXGroup;
			children = (
				2734C92220859D1300123924 /* FieldCheckProtocol.swift */,
			);
			path = Model;
			sourceTree = "<group>";
		};
		27692F2920810A73000D7C8B /* View */ = {
			isa = PBXGroup;
			children = (
				27692F2D20810E95000D7C8B /* Login.storyboard */,
				2781107E2087D75D0071A3E5 /* loginassets.xcassets */,
				27A713AC208909150095E044 /* RegisterAssets.xcassets */,
			);
			path = View;
			sourceTree = "<group>";
		};
		27692F2A20810A78000D7C8B /* Controller */ = {
			isa = PBXGroup;
			children = (
				2734C9202085988600123924 /* SignupViewController.swift */,
				2781107C2087D5EE0071A3E5 /* LoginViewController.swift */,
			);
			path = Controller;
			sourceTree = "<group>";
		};
		278110802087D8590071A3E5 /* BaseViews */ = {
			isa = PBXGroup;
			children = (
				27FA33B72088F95D008CC7D3 /* BaseViewController  */,
				278110832087DD240071A3E5 /* UIViewExtensions.swift */,
				278110852087E0800071A3E5 /* ViewWithBottomLayer.swift */,
				278110872087E7A60071A3E5 /* UitextFieldWithWhitePlaceHolder.swift */,
			);
			path = BaseViews;
			sourceTree = "<group>";
		};
		2797C8C9208BE29D00AD93B4 /* ForgotPassword */ = {
			isa = PBXGroup;
			children = (
				2797C8D3208BE91000AD93B4 /* Model */,
				2797C8CD208BE30800AD93B4 /* Controller */,
				2797C8CA208BE2E400AD93B4 /* View */,
			);
			path = ForgotPassword;
			sourceTree = "<group>";
		};
		2797C8CA208BE2E400AD93B4 /* View */ = {
			isa = PBXGroup;
			children = (
				2797C8CB208BE30200AD93B4 /* ForgotPassword.storyboard */,
			);
			path = View;
			sourceTree = "<group>";
		};
		2797C8CD208BE30800AD93B4 /* Controller */ = {
			isa = PBXGroup;
			children = (
				2797C8CF208BE33200AD93B4 /* ForgotPasswordViewController.swift */,
			);
			path = Controller;
			sourceTree = "<group>";
		};
		2797C8D3208BE91000AD93B4 /* Model */ = {
			isa = PBXGroup;
			children = (
				2797C8D1208BE90B00AD93B4 /* PasswordResetProtocol.swift */,
				2741B01A208C11240012B322 /* SendHelpEmail.swift */,
			);
			path = Model;
			sourceTree = "<group>";
		};
		27A713AE208937850095E044 /* UserType */ = {
			isa = PBXGroup;
			children = (
				271D3C55208A5DEE008AA3E2 /* Model */,
				27A713B2208990170095E044 /* Controller */,
				27A713B120898FFF0095E044 /* View */,
			);
			path = UserType;
			sourceTree = "<group>";
		};
		27A713B120898FFF0095E044 /* View */ = {
			isa = PBXGroup;
			children = (
				27A713AF208944F10095E044 /* ChooseUserType.storyboard */,
				27A713B3208991130095E044 /* UserTypeAssets.xcassets */,
			);
			path = View;
			sourceTree = "<group>";
		};
		27A713B2208990170095E044 /* Controller */ = {
			isa = PBXGroup;
			children = (
				27A713B7208A27CE0095E044 /* UserTypeSelectViewController.swift */,
			);
			path = Controller;
			sourceTree = "<group>";
		};
		27B2C5B4208697E40063AB75 /* AlertViews */ = {
			isa = PBXGroup;
			children = (
				27B2C5B5208697F90063AB75 /* AlertViews .swift */,
			);
			path = AlertViews;
			sourceTree = "<group>";
		};
		27B2C5BB2086C06D0063AB75 /* API Read Write  */ = {
			isa = PBXGroup;
			children = (
				277318CD2087A0C200C30C05 /* ApiReadWrite.swift */,
			);
			path = "API Read Write ";
			sourceTree = "<group>";
		};
		27FA33B72088F95D008CC7D3 /* BaseViewController  */ = {
			isa = PBXGroup;
			children = (
				278110812087D9140071A3E5 /* BaseViewController.swift */,
				27FA33B82088F97B008CC7D3 /* BaseViewAssests.xcassets */,
				27A713B52089928B0095E044 /* BaseViewWithChair.swift */,
			);
			path = "BaseViewController ";
			sourceTree = "<group>";
		};
		36C4D7CBCEFFE21E54923AD7 /* Pods */ = {
			isa = PBXGroup;
			children = (
				55E902C8AF13CB2D12DDA393 /* Pods-OpenMic.debug.xcconfig */,
				167B2DC51F690E9D6A080700 /* Pods-OpenMic.release.xcconfig */,
			);
			name = Pods;
			sourceTree = "<group>";
		};
		6037CC8D3B14621B22AFEF3B /* Frameworks */ = {
			isa = PBXGroup;
			children = (
				3E66F789B4826E502466151A /* Pods_OpenMic.framework */,
			);
			name = Frameworks;
			sourceTree = "<group>";
		};
/* End PBXGroup section */

/* Begin PBXNativeTarget section */
		27692F1120810A3C000D7C8B /* OpenMic */ = {
			isa = PBXNativeTarget;
			buildConfigurationList = 27692F2420810A3F000D7C8B /* Build configuration list for PBXNativeTarget "OpenMic" */;
			buildPhases = (
				EA02067B6FA79B37D75D28D2 /* [CP] Check Pods Manifest.lock */,
				27692F0E20810A3C000D7C8B /* Sources */,
				27692F0F20810A3C000D7C8B /* Frameworks */,
				27692F1020810A3C000D7C8B /* Resources */,
				DED71934FAB8672C896D118A /* [CP] Embed Pods Frameworks */,
			);
			buildRules = (
			);
			dependencies = (
			);
			name = OpenMic;
			productName = OpenMic;
			productReference = 27692F1220810A3C000D7C8B /* OpenMic.app */;
			productType = "com.apple.product-type.application";
		};
/* End PBXNativeTarget section */

/* Begin PBXProject section */
		27692F0A20810A3C000D7C8B /* Project object */ = {
			isa = PBXProject;
			attributes = {
				LastSwiftUpdateCheck = 0930;
				LastUpgradeCheck = 0930;
				ORGANIZATIONNAME = Mike;
				TargetAttributes = {
					27692F1120810A3C000D7C8B = {
						CreatedOnToolsVersion = 9.3;
					};
				};
			};
			buildConfigurationList = 27692F0D20810A3C000D7C8B /* Build configuration list for PBXProject "OpenMic" */;
			compatibilityVersion = "Xcode 9.3";
			developmentRegion = en;
			hasScannedForEncodings = 0;
			knownRegions = (
				en,
				Base,
			);
			mainGroup = 27692F0920810A3C000D7C8B;
			productRefGroup = 27692F1320810A3C000D7C8B /* Products */;
			projectDirPath = "";
			projectRoot = "";
			targets = (
				27692F1120810A3C000D7C8B /* OpenMic */,
			);
		};
/* End PBXProject section */

/* Begin PBXResourcesBuildPhase section */
		27692F1020810A3C000D7C8B /* Resources */ = {
			isa = PBXResourcesBuildPhase;
			buildActionMask = 2147483647;
			files = (
				27FA33B92088F97B008CC7D3 /* BaseViewAssests.xcassets in Resources */,
				27A713B4208991130095E044 /* UserTypeAssets.xcassets in Resources */,
				27A713B0208944F10095E044 /* ChooseUserType.storyboard in Resources */,
				27692F2E20810E95000D7C8B /* Login.storyboard in Resources */,
				271D3C62208AAE03008AA3E2 /* FavGenreAssets.xcassets in Resources */,
				27692F2020810A3F000D7C8B /* LaunchScreen.storyboard in Resources */,
				271D3C5C208AAB25008AA3E2 /* FavGenres.storyboard in Resources */,
				27A713AD208909150095E044 /* RegisterAssets.xcassets in Resources */,
				27692F30208110B3000D7C8B /* GoogleService-Info.plist in Resources */,
				27692F1D20810A3F000D7C8B /* Assets.xcassets in Resources */,
				2781107F2087D75D0071A3E5 /* loginassets.xcassets in Resources */,
				27692F1B20810A3C000D7C8B /* Main.storyboard in Resources */,
				2797C8CC208BE30200AD93B4 /* ForgotPassword.storyboard in Resources */,
			);
			runOnlyForDeploymentPostprocessing = 0;
		};
/* End PBXResourcesBuildPhase section */

/* Begin PBXShellScriptBuildPhase section */
		DED71934FAB8672C896D118A /* [CP] Embed Pods Frameworks */ = {
			isa = PBXShellScriptBuildPhase;
			buildActionMask = 2147483647;
			files = (
			);
			inputPaths = (
				"${SRCROOT}/Pods/Target Support Files/Pods-OpenMic/Pods-OpenMic-frameworks.sh",
				"${BUILT_PRODUCTS_DIR}/Alamofire/Alamofire.framework",
				"${BUILT_PRODUCTS_DIR}/GTMSessionFetcher/GTMSessionFetcher.framework",
				"${BUILT_PRODUCTS_DIR}/GoogleToolboxForMac/GoogleToolboxForMac.framework",
				"${BUILT_PRODUCTS_DIR}/IQKeyboardManagerSwift/IQKeyboardManagerSwift.framework",
				"${BUILT_PRODUCTS_DIR}/SDWebImage/SDWebImage.framework",
				"${BUILT_PRODUCTS_DIR}/SwiftyJSON/SwiftyJSON.framework",
				"${BUILT_PRODUCTS_DIR}/leveldb-library/leveldb.framework",
				"${BUILT_PRODUCTS_DIR}/nanopb/nanopb.framework",
			);
			name = "[CP] Embed Pods Frameworks";
			outputPaths = (
				"${TARGET_BUILD_DIR}/${FRAMEWORKS_FOLDER_PATH}/Alamofire.framework",
				"${TARGET_BUILD_DIR}/${FRAMEWORKS_FOLDER_PATH}/GTMSessionFetcher.framework",
				"${TARGET_BUILD_DIR}/${FRAMEWORKS_FOLDER_PATH}/GoogleToolboxForMac.framework",
				"${TARGET_BUILD_DIR}/${FRAMEWORKS_FOLDER_PATH}/IQKeyboardManagerSwift.framework",
				"${TARGET_BUILD_DIR}/${FRAMEWORKS_FOLDER_PATH}/SDWebImage.framework",
				"${TARGET_BUILD_DIR}/${FRAMEWORKS_FOLDER_PATH}/SwiftyJSON.framework",
				"${TARGET_BUILD_DIR}/${FRAMEWORKS_FOLDER_PATH}/leveldb.framework",
				"${TARGET_BUILD_DIR}/${FRAMEWORKS_FOLDER_PATH}/nanopb.framework",
			);
			runOnlyForDeploymentPostprocessing = 0;
			shellPath = /bin/sh;
			shellScript = "\"${SRCROOT}/Pods/Target Support Files/Pods-OpenMic/Pods-OpenMic-frameworks.sh\"\n";
			showEnvVarsInLog = 0;
		};
		EA02067B6FA79B37D75D28D2 /* [CP] Check Pods Manifest.lock */ = {
			isa = PBXShellScriptBuildPhase;
			buildActionMask = 2147483647;
			files = (
			);
			inputPaths = (
				"${PODS_PODFILE_DIR_PATH}/Podfile.lock",
				"${PODS_ROOT}/Manifest.lock",
			);
			name = "[CP] Check Pods Manifest.lock";
			outputPaths = (
				"$(DERIVED_FILE_DIR)/Pods-OpenMic-checkManifestLockResult.txt",
			);
			runOnlyForDeploymentPostprocessing = 0;
			shellPath = /bin/sh;
			shellScript = "diff \"${PODS_PODFILE_DIR_PATH}/Podfile.lock\" \"${PODS_ROOT}/Manifest.lock\" > /dev/null\nif [ $? != 0 ] ; then\n    # print error to STDERR\n    echo \"error: The sandbox is not in sync with the Podfile.lock. Run 'pod install' or update your CocoaPods installation.\" >&2\n    exit 1\nfi\n# This output is used by Xcode 'outputs' to avoid re-running this script phase.\necho \"SUCCESS\" > \"${SCRIPT_OUTPUT_FILE_0}\"\n";
			showEnvVarsInLog = 0;
		};
/* End PBXShellScriptBuildPhase section */

/* Begin PBXSourcesBuildPhase section */
		27692F0E20810A3C000D7C8B /* Sources */ = {
			isa = PBXSourcesBuildPhase;
			buildActionMask = 2147483647;
			files = (
				271D3C64208AB1D5008AA3E2 /* FavGenreCollectionViewCell.swift in Sources */,
				27A713B8208A27CE0095E044 /* UserTypeSelectViewController.swift in Sources */,
				2797C8D0208BE33200AD93B4 /* ForgotPasswordViewController.swift in Sources */,
				2781107D2087D5EE0071A3E5 /* LoginViewController.swift in Sources */,
				27A713B62089928B0095E044 /* BaseViewWithChair.swift in Sources */,
				27B2C5B6208697F90063AB75 /* AlertViews .swift in Sources */,
				271D3C60208AACDC008AA3E2 /* FavGenreViewController.swift in Sources */,
				2741B01B208C11250012B322 /* SendHelpEmail.swift in Sources */,
				2797C8D2208BE90B00AD93B4 /* PasswordResetProtocol.swift in Sources */,
				2734C9212085988600123924 /* SignupViewController.swift in Sources */,
				271D3C59208A679F008AA3E2 /* GenreRead.swift in Sources */,
				27692F1820810A3C000D7C8B /* ViewController.swift in Sources */,
				278110882087E7A60071A3E5 /* UitextFieldWithWhitePlaceHolder.swift in Sources */,
				2734C91F208594A200123924 /* FireBasePaths.swift in Sources */,
				278110862087E0800071A3E5 /* ViewWithBottomLayer.swift in Sources */,
				27C6A6BC208E6D3400269280 /* LoginUserProtocol.swift in Sources */,
				278110822087D9140071A3E5 /* BaseViewController.swift in Sources */,
				27B2C5BA208698B10063AB75 /* CreateNewUserProtocol.swift in Sources */,
				2734C92320859D1300123924 /* FieldCheckProtocol.swift in Sources */,
				2797C8C8208B970800AD93B4 /* RedWriteRules.swift in Sources */,
				271D3C67208AB2CB008AA3E2 /* FaveGenreModel.swift in Sources */,
				277318CE2087A0C200C30C05 /* ApiReadWrite.swift in Sources */,
				271D3C57208A5E08008AA3E2 /* PickerSelect.swift in Sources */,
				27692F1620810A3C000D7C8B /* AppDelegate.swift in Sources */,
				278110842087DD240071A3E5 /* UIViewExtensions.swift in Sources */,
			);
			runOnlyForDeploymentPostprocessing = 0;
		};
/* End PBXSourcesBuildPhase section */

/* Begin PBXVariantGroup section */
		27692F1920810A3C000D7C8B /* Main.storyboard */ = {
			isa = PBXVariantGroup;
			children = (
				27692F1A20810A3C000D7C8B /* Base */,
			);
			name = Main.storyboard;
			sourceTree = "<group>";
		};
		27692F1E20810A3F000D7C8B /* LaunchScreen.storyboard */ = {
			isa = PBXVariantGroup;
			children = (
				27692F1F20810A3F000D7C8B /* Base */,
			);
			name = LaunchScreen.storyboard;
			sourceTree = "<group>";
		};
/* End PBXVariantGroup section */

/* Begin XCBuildConfiguration section */
		27692F2220810A3F000D7C8B /* Debug */ = {
			isa = XCBuildConfiguration;
			buildSettings = {
				ALWAYS_SEARCH_USER_PATHS = NO;
				CLANG_ANALYZER_NONNULL = YES;
				CLANG_ANALYZER_NUMBER_OBJECT_CONVERSION = YES_AGGRESSIVE;
				CLANG_CXX_LANGUAGE_STANDARD = "gnu++14";
				CLANG_CXX_LIBRARY = "libc++";
				CLANG_ENABLE_MODULES = YES;
				CLANG_ENABLE_OBJC_ARC = YES;
				CLANG_ENABLE_OBJC_WEAK = YES;
				CLANG_WARN_BLOCK_CAPTURE_AUTORELEASING = YES;
				CLANG_WARN_BOOL_CONVERSION = YES;
				CLANG_WARN_COMMA = YES;
				CLANG_WARN_CONSTANT_CONVERSION = YES;
				CLANG_WARN_DEPRECATED_OBJC_IMPLEMENTATIONS = YES;
				CLANG_WARN_DIRECT_OBJC_ISA_USAGE = YES_ERROR;
				CLANG_WARN_DOCUMENTATION_COMMENTS = YES;
				CLANG_WARN_EMPTY_BODY = YES;
				CLANG_WARN_ENUM_CONVERSION = YES;
				CLANG_WARN_INFINITE_RECURSION = YES;
				CLANG_WARN_INT_CONVERSION = YES;
				CLANG_WARN_NON_LITERAL_NULL_CONVERSION = YES;
				CLANG_WARN_OBJC_IMPLICIT_RETAIN_SELF = YES;
				CLANG_WARN_OBJC_LITERAL_CONVERSION = YES;
				CLANG_WARN_OBJC_ROOT_CLASS = YES_ERROR;
				CLANG_WARN_RANGE_LOOP_ANALYSIS = YES;
				CLANG_WARN_STRICT_PROTOTYPES = YES;
				CLANG_WARN_SUSPICIOUS_MOVE = YES;
				CLANG_WARN_UNGUARDED_AVAILABILITY = YES_AGGRESSIVE;
				CLANG_WARN_UNREACHABLE_CODE = YES;
				CLANG_WARN__DUPLICATE_METHOD_MATCH = YES;
				CODE_SIGN_IDENTITY = "iPhone Developer";
				COPY_PHASE_STRIP = NO;
				DEBUG_INFORMATION_FORMAT = dwarf;
				ENABLE_STRICT_OBJC_MSGSEND = YES;
				ENABLE_TESTABILITY = YES;
				GCC_C_LANGUAGE_STANDARD = gnu11;
				GCC_DYNAMIC_NO_PIC = NO;
				GCC_NO_COMMON_BLOCKS = YES;
				GCC_OPTIMIZATION_LEVEL = 0;
				GCC_PREPROCESSOR_DEFINITIONS = (
					"DEBUG=1",
					"$(inherited)",
				);
				GCC_WARN_64_TO_32_BIT_CONVERSION = YES;
				GCC_WARN_ABOUT_RETURN_TYPE = YES_ERROR;
				GCC_WARN_UNDECLARED_SELECTOR = YES;
				GCC_WARN_UNINITIALIZED_AUTOS = YES_AGGRESSIVE;
				GCC_WARN_UNUSED_FUNCTION = YES;
				GCC_WARN_UNUSED_VARIABLE = YES;
				IPHONEOS_DEPLOYMENT_TARGET = 11.3;
				MTL_ENABLE_DEBUG_INFO = YES;
				ONLY_ACTIVE_ARCH = YES;
				SDKROOT = iphoneos;
				SWIFT_ACTIVE_COMPILATION_CONDITIONS = DEBUG;
				SWIFT_OPTIMIZATION_LEVEL = "-Onone";
			};
			name = Debug;
		};
		27692F2320810A3F000D7C8B /* Release */ = {
			isa = XCBuildConfiguration;
			buildSettings = {
				ALWAYS_SEARCH_USER_PATHS = NO;
				CLANG_ANALYZER_NONNULL = YES;
				CLANG_ANALYZER_NUMBER_OBJECT_CONVERSION = YES_AGGRESSIVE;
				CLANG_CXX_LANGUAGE_STANDARD = "gnu++14";
				CLANG_CXX_LIBRARY = "libc++";
				CLANG_ENABLE_MODULES = YES;
				CLANG_ENABLE_OBJC_ARC = YES;
				CLANG_ENABLE_OBJC_WEAK = YES;
				CLANG_WARN_BLOCK_CAPTURE_AUTORELEASING = YES;
				CLANG_WARN_BOOL_CONVERSION = YES;
				CLANG_WARN_COMMA = YES;
				CLANG_WARN_CONSTANT_CONVERSION = YES;
				CLANG_WARN_DEPRECATED_OBJC_IMPLEMENTATIONS = YES;
				CLANG_WARN_DIRECT_OBJC_ISA_USAGE = YES_ERROR;
				CLANG_WARN_DOCUMENTATION_COMMENTS = YES;
				CLANG_WARN_EMPTY_BODY = YES;
				CLANG_WARN_ENUM_CONVERSION = YES;
				CLANG_WARN_INFINITE_RECURSION = YES;
				CLANG_WARN_INT_CONVERSION = YES;
				CLANG_WARN_NON_LITERAL_NULL_CONVERSION = YES;
				CLANG_WARN_OBJC_IMPLICIT_RETAIN_SELF = YES;
				CLANG_WARN_OBJC_LITERAL_CONVERSION = YES;
				CLANG_WARN_OBJC_ROOT_CLASS = YES_ERROR;
				CLANG_WARN_RANGE_LOOP_ANALYSIS = YES;
				CLANG_WARN_STRICT_PROTOTYPES = YES;
				CLANG_WARN_SUSPICIOUS_MOVE = YES;
				CLANG_WARN_UNGUARDED_AVAILABILITY = YES_AGGRESSIVE;
				CLANG_WARN_UNREACHABLE_CODE = YES;
				CLANG_WARN__DUPLICATE_METHOD_MATCH = YES;
				CODE_SIGN_IDENTITY = "iPhone Developer";
				COPY_PHASE_STRIP = NO;
				DEBUG_INFORMATION_FORMAT = "dwarf-with-dsym";
				ENABLE_NS_ASSERTIONS = NO;
				ENABLE_STRICT_OBJC_MSGSEND = YES;
				GCC_C_LANGUAGE_STANDARD = gnu11;
				GCC_NO_COMMON_BLOCKS = YES;
				GCC_WARN_64_TO_32_BIT_CONVERSION = YES;
				GCC_WARN_ABOUT_RETURN_TYPE = YES_ERROR;
				GCC_WARN_UNDECLARED_SELECTOR = YES;
				GCC_WARN_UNINITIALIZED_AUTOS = YES_AGGRESSIVE;
				GCC_WARN_UNUSED_FUNCTION = YES;
				GCC_WARN_UNUSED_VARIABLE = YES;
				IPHONEOS_DEPLOYMENT_TARGET = 11.3;
				MTL_ENABLE_DEBUG_INFO = NO;
				SDKROOT = iphoneos;
				SWIFT_COMPILATION_MODE = wholemodule;
				SWIFT_OPTIMIZATION_LEVEL = "-O";
				VALIDATE_PRODUCT = YES;
			};
			name = Release;
		};
		27692F2520810A3F000D7C8B /* Debug */ = {
			isa = XCBuildConfiguration;
			baseConfigurationReference = 55E902C8AF13CB2D12DDA393 /* Pods-OpenMic.debug.xcconfig */;
			buildSettings = {
				ASSETCATALOG_COMPILER_APPICON_NAME = AppIcon;
				CODE_SIGN_STYLE = Automatic;
				DEVELOPMENT_TEAM = BP8BUJFQU2;
				INFOPLIST_FILE = OpenMic/Info.plist;
				LD_RUNPATH_SEARCH_PATHS = (
					"$(inherited)",
					"@executable_path/Frameworks",
				);
				PRODUCT_BUNDLE_IDENTIFIER = com.OpenMic.OpenMic;
				PRODUCT_NAME = "$(TARGET_NAME)";
				SWIFT_VERSION = 4.0;
				TARGETED_DEVICE_FAMILY = "1,2";
			};
			name = Debug;
		};
		27692F2620810A3F000D7C8B /* Release */ = {
			isa = XCBuildConfiguration;
			baseConfigurationReference = 167B2DC51F690E9D6A080700 /* Pods-OpenMic.release.xcconfig */;
			buildSettings = {
				ASSETCATALOG_COMPILER_APPICON_NAME = AppIcon;
				CODE_SIGN_STYLE = Automatic;
				DEVELOPMENT_TEAM = BP8BUJFQU2;
				INFOPLIST_FILE = OpenMic/Info.plist;
				LD_RUNPATH_SEARCH_PATHS = (
					"$(inherited)",
					"@executable_path/Frameworks",
				);
				PRODUCT_BUNDLE_IDENTIFIER = com.OpenMic.OpenMic;
				PRODUCT_NAME = "$(TARGET_NAME)";
				SWIFT_VERSION = 4.0;
				TARGETED_DEVICE_FAMILY = "1,2";
			};
			name = Release;
		};
/* End XCBuildConfiguration section */

/* Begin XCConfigurationList section */
		27692F0D20810A3C000D7C8B /* Build configuration list for PBXProject "OpenMic" */ = {
			isa = XCConfigurationList;
			buildConfigurations = (
				27692F2220810A3F000D7C8B /* Debug */,
				27692F2320810A3F000D7C8B /* Release */,
			);
			defaultConfigurationIsVisible = 0;
			defaultConfigurationName = Release;
		};
		27692F2420810A3F000D7C8B /* Build configuration list for PBXNativeTarget "OpenMic" */ = {
			isa = XCConfigurationList;
			buildConfigurations = (
				27692F2520810A3F000D7C8B /* Debug */,
				27692F2620810A3F000D7C8B /* Release */,
			);
			defaultConfigurationIsVisible = 0;
			defaultConfigurationName = Release;
		};
/* End XCConfigurationList section */
	};
	rootObject = 27692F0A20810A3C000D7C8B /* Project object */;
}
